// !$*UTF8*$!
{
	archiveVersion = 1;
	classes = {
	};
	objectVersion = 51;
	objects = {

/* Begin PBXBuildFile section */
		19333FB5ED1924F4389418DC /* libPods-AppStoreSearchUITests.a in Frameworks */ = {isa = PBXBuildFile; fileRef = D865E3EC7CCE89141DADF952 /* libPods-AppStoreSearchUITests.a */; };
		3A4D906D24C7CFC000D5C11F /* AppDelegate.swift in Sources */ = {isa = PBXBuildFile; fileRef = 3A4D906C24C7CFC000D5C11F /* AppDelegate.swift */; };
		3A4D906F24C7CFC000D5C11F /* SceneDelegate.swift in Sources */ = {isa = PBXBuildFile; fileRef = 3A4D906E24C7CFC000D5C11F /* SceneDelegate.swift */; };
		3A4D907124C7CFC000D5C11F /* ViewController.swift in Sources */ = {isa = PBXBuildFile; fileRef = 3A4D907024C7CFC000D5C11F /* ViewController.swift */; };
		3A4D907424C7CFC000D5C11F /* Main.storyboard in Resources */ = {isa = PBXBuildFile; fileRef = 3A4D907224C7CFC000D5C11F /* Main.storyboard */; };
		3A4D907624C7CFC100D5C11F /* Assets.xcassets in Resources */ = {isa = PBXBuildFile; fileRef = 3A4D907524C7CFC100D5C11F /* Assets.xcassets */; };
		3A4D907924C7CFC100D5C11F /* LaunchScreen.storyboard in Resources */ = {isa = PBXBuildFile; fileRef = 3A4D907724C7CFC100D5C11F /* LaunchScreen.storyboard */; };
		3A4D908424C7CFC100D5C11F /* AppStoreSearchTests.swift in Sources */ = {isa = PBXBuildFile; fileRef = 3A4D908324C7CFC100D5C11F /* AppStoreSearchTests.swift */; };
		3A4D908F24C7CFC100D5C11F /* AppStoreSearchUITests.swift in Sources */ = {isa = PBXBuildFile; fileRef = 3A4D908E24C7CFC100D5C11F /* AppStoreSearchUITests.swift */; };
		3A4D90A124C81B1000D5C11F /* AppCoordinator.swift in Sources */ = {isa = PBXBuildFile; fileRef = 3A4D90A024C81B1000D5C11F /* AppCoordinator.swift */; };
		9C53AB05C90DCC123624F0EE /* libPods-AppStoreSearch.a in Frameworks */ = {isa = PBXBuildFile; fileRef = EBF023FACFA6A292362A6479 /* libPods-AppStoreSearch.a */; };
		AA5E7AABBDB852CB93527813 /* libPods-AppStoreSearchTests.a in Frameworks */ = {isa = PBXBuildFile; fileRef = 65A9AC0F3F47C1582EA0028C /* libPods-AppStoreSearchTests.a */; };
/* End PBXBuildFile section */

/* Begin PBXContainerItemProxy section */
		3A4D908024C7CFC100D5C11F /* PBXContainerItemProxy */ = {
			isa = PBXContainerItemProxy;
			containerPortal = 3A4D906124C7CFC000D5C11F /* Project object */;
			proxyType = 1;
			remoteGlobalIDString = 3A4D906824C7CFC000D5C11F;
			remoteInfo = AppStoreSearch;
		};
		3A4D908B24C7CFC100D5C11F /* PBXContainerItemProxy */ = {
			isa = PBXContainerItemProxy;
			containerPortal = 3A4D906124C7CFC000D5C11F /* Project object */;
			proxyType = 1;
			remoteGlobalIDString = 3A4D906824C7CFC000D5C11F;
			remoteInfo = AppStoreSearch;
		};
/* End PBXContainerItemProxy section */

/* Begin PBXFileReference section */
		29D3562BC21D1B3E508DD8A4 /* Pods-AppStoreSearch.release.xcconfig */ = {isa = PBXFileReference; includeInIndex = 1; lastKnownFileType = text.xcconfig; name = "Pods-AppStoreSearch.release.xcconfig"; path = "Target Support Files/Pods-AppStoreSearch/Pods-AppStoreSearch.release.xcconfig"; sourceTree = "<group>"; };
		3895111B127F69776AC9A1C5 /* Pods-AppStoreSearchUITests.release.xcconfig */ = {isa = PBXFileReference; includeInIndex = 1; lastKnownFileType = text.xcconfig; name = "Pods-AppStoreSearchUITests.release.xcconfig"; path = "Target Support Files/Pods-AppStoreSearchUITests/Pods-AppStoreSearchUITests.release.xcconfig"; sourceTree = "<group>"; };
		3A4D906924C7CFC000D5C11F /* AppStoreSearch.app */ = {isa = PBXFileReference; explicitFileType = wrapper.application; includeInIndex = 0; path = AppStoreSearch.app; sourceTree = BUILT_PRODUCTS_DIR; };
		3A4D906C24C7CFC000D5C11F /* AppDelegate.swift */ = {isa = PBXFileReference; lastKnownFileType = sourcecode.swift; path = AppDelegate.swift; sourceTree = "<group>"; };
		3A4D906E24C7CFC000D5C11F /* SceneDelegate.swift */ = {isa = PBXFileReference; lastKnownFileType = sourcecode.swift; path = SceneDelegate.swift; sourceTree = "<group>"; };
		3A4D907024C7CFC000D5C11F /* ViewController.swift */ = {isa = PBXFileReference; lastKnownFileType = sourcecode.swift; path = ViewController.swift; sourceTree = "<group>"; };
		3A4D907324C7CFC000D5C11F /* Base */ = {isa = PBXFileReference; lastKnownFileType = file.storyboard; name = Base; path = Base.lproj/Main.storyboard; sourceTree = "<group>"; };
		3A4D907524C7CFC100D5C11F /* Assets.xcassets */ = {isa = PBXFileReference; lastKnownFileType = folder.assetcatalog; path = Assets.xcassets; sourceTree = "<group>"; };
		3A4D907824C7CFC100D5C11F /* Base */ = {isa = PBXFileReference; lastKnownFileType = file.storyboard; name = Base; path = Base.lproj/LaunchScreen.storyboard; sourceTree = "<group>"; };
		3A4D907A24C7CFC100D5C11F /* Info.plist */ = {isa = PBXFileReference; lastKnownFileType = text.plist.xml; path = Info.plist; sourceTree = "<group>"; };
		3A4D907F24C7CFC100D5C11F /* AppStoreSearchTests.xctest */ = {isa = PBXFileReference; explicitFileType = wrapper.cfbundle; includeInIndex = 0; path = AppStoreSearchTests.xctest; sourceTree = BUILT_PRODUCTS_DIR; };
		3A4D908324C7CFC100D5C11F /* AppStoreSearchTests.swift */ = {isa = PBXFileReference; lastKnownFileType = sourcecode.swift; path = AppStoreSearchTests.swift; sourceTree = "<group>"; };
		3A4D908524C7CFC100D5C11F /* Info.plist */ = {isa = PBXFileReference; lastKnownFileType = text.plist.xml; path = Info.plist; sourceTree = "<group>"; };
		3A4D908A24C7CFC100D5C11F /* AppStoreSearchUITests.xctest */ = {isa = PBXFileReference; explicitFileType = wrapper.cfbundle; includeInIndex = 0; path = AppStoreSearchUITests.xctest; sourceTree = BUILT_PRODUCTS_DIR; };
		3A4D908E24C7CFC100D5C11F /* AppStoreSearchUITests.swift */ = {isa = PBXFileReference; lastKnownFileType = sourcecode.swift; path = AppStoreSearchUITests.swift; sourceTree = "<group>"; };
		3A4D909024C7CFC100D5C11F /* Info.plist */ = {isa = PBXFileReference; lastKnownFileType = text.plist.xml; path = Info.plist; sourceTree = "<group>"; };
		3A4D90A024C81B1000D5C11F /* AppCoordinator.swift */ = {isa = PBXFileReference; lastKnownFileType = sourcecode.swift; path = AppCoordinator.swift; sourceTree = "<group>"; };
		57B0602FD05904FCEFF01536 /* Pods-AppStoreSearchUITests.debug.xcconfig */ = {isa = PBXFileReference; includeInIndex = 1; lastKnownFileType = text.xcconfig; name = "Pods-AppStoreSearchUITests.debug.xcconfig"; path = "Target Support Files/Pods-AppStoreSearchUITests/Pods-AppStoreSearchUITests.debug.xcconfig"; sourceTree = "<group>"; };
		65A9AC0F3F47C1582EA0028C /* libPods-AppStoreSearchTests.a */ = {isa = PBXFileReference; explicitFileType = archive.ar; includeInIndex = 0; path = "libPods-AppStoreSearchTests.a"; sourceTree = BUILT_PRODUCTS_DIR; };
		AAA0212C76CDF479EFCD343F /* Pods-AppStoreSearch.debug.xcconfig */ = {isa = PBXFileReference; includeInIndex = 1; lastKnownFileType = text.xcconfig; name = "Pods-AppStoreSearch.debug.xcconfig"; path = "Target Support Files/Pods-AppStoreSearch/Pods-AppStoreSearch.debug.xcconfig"; sourceTree = "<group>"; };
		D865E3EC7CCE89141DADF952 /* libPods-AppStoreSearchUITests.a */ = {isa = PBXFileReference; explicitFileType = archive.ar; includeInIndex = 0; path = "libPods-AppStoreSearchUITests.a"; sourceTree = BUILT_PRODUCTS_DIR; };
		EBF023FACFA6A292362A6479 /* libPods-AppStoreSearch.a */ = {isa = PBXFileReference; explicitFileType = archive.ar; includeInIndex = 0; path = "libPods-AppStoreSearch.a"; sourceTree = BUILT_PRODUCTS_DIR; };
		EDC5F4463CEB9D18D5D94E2A /* Pods-AppStoreSearchTests.debug.xcconfig */ = {isa = PBXFileReference; includeInIndex = 1; lastKnownFileType = text.xcconfig; name = "Pods-AppStoreSearchTests.debug.xcconfig"; path = "Target Support Files/Pods-AppStoreSearchTests/Pods-AppStoreSearchTests.debug.xcconfig"; sourceTree = "<group>"; };
		FE6C778917CC18F9964014E3 /* Pods-AppStoreSearchTests.release.xcconfig */ = {isa = PBXFileReference; includeInIndex = 1; lastKnownFileType = text.xcconfig; name = "Pods-AppStoreSearchTests.release.xcconfig"; path = "Target Support Files/Pods-AppStoreSearchTests/Pods-AppStoreSearchTests.release.xcconfig"; sourceTree = "<group>"; };
/* End PBXFileReference section */

/* Begin PBXFrameworksBuildPhase section */
		3A4D906624C7CFC000D5C11F /* Frameworks */ = {
			isa = PBXFrameworksBuildPhase;
			buildActionMask = 2147483647;
			files = (
				9C53AB05C90DCC123624F0EE /* libPods-AppStoreSearch.a in Frameworks */,
			);
			runOnlyForDeploymentPostprocessing = 0;
		};
		3A4D907C24C7CFC100D5C11F /* Frameworks */ = {
			isa = PBXFrameworksBuildPhase;
			buildActionMask = 2147483647;
			files = (
				AA5E7AABBDB852CB93527813 /* libPods-AppStoreSearchTests.a in Frameworks */,
			);
			runOnlyForDeploymentPostprocessing = 0;
		};
		3A4D908724C7CFC100D5C11F /* Frameworks */ = {
			isa = PBXFrameworksBuildPhase;
			buildActionMask = 2147483647;
			files = (
				19333FB5ED1924F4389418DC /* libPods-AppStoreSearchUITests.a in Frameworks */,
			);
			runOnlyForDeploymentPostprocessing = 0;
		};
/* End PBXFrameworksBuildPhase section */

/* Begin PBXGroup section */
		283072E28CF8DA7B3EDBA19E /* Frameworks */ = {
			isa = PBXGroup;
			children = (
				EBF023FACFA6A292362A6479 /* libPods-AppStoreSearch.a */,
				65A9AC0F3F47C1582EA0028C /* libPods-AppStoreSearchTests.a */,
				D865E3EC7CCE89141DADF952 /* libPods-AppStoreSearchUITests.a */,
			);
			name = Frameworks;
			sourceTree = "<group>";
		};
		3A4D906024C7CFC000D5C11F = {
			isa = PBXGroup;
			children = (
				3A4D906B24C7CFC000D5C11F /* AppStoreSearch */,
				3A4D908224C7CFC100D5C11F /* AppStoreSearchTests */,
				3A4D908D24C7CFC100D5C11F /* AppStoreSearchUITests */,
				3A4D906A24C7CFC000D5C11F /* Products */,
				822364A5C774E2EDE0E26E7F /* Pods */,
				283072E28CF8DA7B3EDBA19E /* Frameworks */,
			);
			sourceTree = "<group>";
		};
		3A4D906A24C7CFC000D5C11F /* Products */ = {
			isa = PBXGroup;
			children = (
				3A4D906924C7CFC000D5C11F /* AppStoreSearch.app */,
				3A4D907F24C7CFC100D5C11F /* AppStoreSearchTests.xctest */,
				3A4D908A24C7CFC100D5C11F /* AppStoreSearchUITests.xctest */,
			);
			name = Products;
			sourceTree = "<group>";
		};
		3A4D906B24C7CFC000D5C11F /* AppStoreSearch */ = {
			isa = PBXGroup;
			children = (
				3A4D909C24C7D6A000D5C11F /* Classes */,
				3A4D909D24C7D6A900D5C11F /* Resources */,
			);
			path = AppStoreSearch;
			sourceTree = "<group>";
		};
		3A4D908224C7CFC100D5C11F /* AppStoreSearchTests */ = {
			isa = PBXGroup;
			children = (
				3A4D908324C7CFC100D5C11F /* AppStoreSearchTests.swift */,
				3A4D908524C7CFC100D5C11F /* Info.plist */,
			);
			path = AppStoreSearchTests;
			sourceTree = "<group>";
		};
		3A4D908D24C7CFC100D5C11F /* AppStoreSearchUITests */ = {
			isa = PBXGroup;
			children = (
				3A4D908E24C7CFC100D5C11F /* AppStoreSearchUITests.swift */,
				3A4D909024C7CFC100D5C11F /* Info.plist */,
			);
			path = AppStoreSearchUITests;
			sourceTree = "<group>";
		};
		3A4D909C24C7D6A000D5C11F /* Classes */ = {
			isa = PBXGroup;
			children = (
				3A4D906C24C7CFC000D5C11F /* AppDelegate.swift */,
				3A4D906E24C7CFC000D5C11F /* SceneDelegate.swift */,
				3A4D907024C7CFC000D5C11F /* ViewController.swift */,
				3A4D90A024C81B1000D5C11F /* AppCoordinator.swift */,
			);
			path = Classes;
			sourceTree = "<group>";
		};
		3A4D909D24C7D6A900D5C11F /* Resources */ = {
			isa = PBXGroup;
			children = (
				3A4D907224C7CFC000D5C11F /* Main.storyboard */,
				3A4D907524C7CFC100D5C11F /* Assets.xcassets */,
				3A4D907724C7CFC100D5C11F /* LaunchScreen.storyboard */,
				3A4D907A24C7CFC100D5C11F /* Info.plist */,
			);
			name = Resources;
			sourceTree = "<group>";
		};
		822364A5C774E2EDE0E26E7F /* Pods */ = {
			isa = PBXGroup;
			children = (
				AAA0212C76CDF479EFCD343F /* Pods-AppStoreSearch.debug.xcconfig */,
				29D3562BC21D1B3E508DD8A4 /* Pods-AppStoreSearch.release.xcconfig */,
				EDC5F4463CEB9D18D5D94E2A /* Pods-AppStoreSearchTests.debug.xcconfig */,
				FE6C778917CC18F9964014E3 /* Pods-AppStoreSearchTests.release.xcconfig */,
				57B0602FD05904FCEFF01536 /* Pods-AppStoreSearchUITests.debug.xcconfig */,
				3895111B127F69776AC9A1C5 /* Pods-AppStoreSearchUITests.release.xcconfig */,
			);
			path = Pods;
			sourceTree = "<group>";
		};
/* End PBXGroup section */

/* Begin PBXNativeTarget section */
		3A4D906824C7CFC000D5C11F /* AppStoreSearch */ = {
			isa = PBXNativeTarget;
			buildConfigurationList = 3A4D909324C7CFC100D5C11F /* Build configuration list for PBXNativeTarget "AppStoreSearch" */;
			buildPhases = (
				291317D8B9A48F271EC51144 /* [CP] Check Pods Manifest.lock */,
				3A4D906524C7CFC000D5C11F /* Sources */,
				3A4D906624C7CFC000D5C11F /* Frameworks */,
				3A4D906724C7CFC000D5C11F /* Resources */,
			);
			buildRules = (
			);
			dependencies = (
			);
			name = AppStoreSearch;
			productName = AppStoreSearch;
			productReference = 3A4D906924C7CFC000D5C11F /* AppStoreSearch.app */;
			productType = "com.apple.product-type.application";
		};
		3A4D907E24C7CFC100D5C11F /* AppStoreSearchTests */ = {
			isa = PBXNativeTarget;
			buildConfigurationList = 3A4D909624C7CFC100D5C11F /* Build configuration list for PBXNativeTarget "AppStoreSearchTests" */;
			buildPhases = (
				0FB0A86DA81C55A5E92A24AF /* [CP] Check Pods Manifest.lock */,
				3A4D907B24C7CFC100D5C11F /* Sources */,
				3A4D907C24C7CFC100D5C11F /* Frameworks */,
				3A4D907D24C7CFC100D5C11F /* Resources */,
			);
			buildRules = (
			);
			dependencies = (
				3A4D908124C7CFC100D5C11F /* PBXTargetDependency */,
			);
			name = AppStoreSearchTests;
			productName = AppStoreSearchTests;
			productReference = 3A4D907F24C7CFC100D5C11F /* AppStoreSearchTests.xctest */;
			productType = "com.apple.product-type.bundle.unit-test";
		};
		3A4D908924C7CFC100D5C11F /* AppStoreSearchUITests */ = {
			isa = PBXNativeTarget;
			buildConfigurationList = 3A4D909924C7CFC100D5C11F /* Build configuration list for PBXNativeTarget "AppStoreSearchUITests" */;
			buildPhases = (
				FE616714EEEB7702867F6317 /* [CP] Check Pods Manifest.lock */,
				3A4D908624C7CFC100D5C11F /* Sources */,
				3A4D908724C7CFC100D5C11F /* Frameworks */,
				3A4D908824C7CFC100D5C11F /* Resources */,
			);
			buildRules = (
			);
			dependencies = (
				3A4D908C24C7CFC100D5C11F /* PBXTargetDependency */,
			);
			name = AppStoreSearchUITests;
			productName = AppStoreSearchUITests;
			productReference = 3A4D908A24C7CFC100D5C11F /* AppStoreSearchUITests.xctest */;
			productType = "com.apple.product-type.bundle.ui-testing";
		};
/* End PBXNativeTarget section */

/* Begin PBXProject section */
		3A4D906124C7CFC000D5C11F /* Project object */ = {
			isa = PBXProject;
			attributes = {
				LastSwiftUpdateCheck = 1160;
				LastUpgradeCheck = 1160;
				ORGANIZATIONNAME = "HS Lee";
				TargetAttributes = {
					3A4D906824C7CFC000D5C11F = {
						CreatedOnToolsVersion = 11.6;
					};
					3A4D907E24C7CFC100D5C11F = {
						CreatedOnToolsVersion = 11.6;
						TestTargetID = 3A4D906824C7CFC000D5C11F;
					};
					3A4D908924C7CFC100D5C11F = {
						CreatedOnToolsVersion = 11.6;
						TestTargetID = 3A4D906824C7CFC000D5C11F;
					};
				};
			};
			buildConfigurationList = 3A4D906424C7CFC000D5C11F /* Build configuration list for PBXProject "AppStoreSearch" */;
			compatibilityVersion = "Xcode 9.3";
			developmentRegion = en;
			hasScannedForEncodings = 0;
			knownRegions = (
				en,
				Base,
			);
			mainGroup = 3A4D906024C7CFC000D5C11F;
			productRefGroup = 3A4D906A24C7CFC000D5C11F /* Products */;
			projectDirPath = "";
			projectRoot = "";
			targets = (
				3A4D906824C7CFC000D5C11F /* AppStoreSearch */,
				3A4D907E24C7CFC100D5C11F /* AppStoreSearchTests */,
				3A4D908924C7CFC100D5C11F /* AppStoreSearchUITests */,
			);
		};
/* End PBXProject section */

/* Begin PBXResourcesBuildPhase section */
		3A4D906724C7CFC000D5C11F /* Resources */ = {
			isa = PBXResourcesBuildPhase;
			buildActionMask = 2147483647;
			files = (
				3A4D907924C7CFC100D5C11F /* LaunchScreen.storyboard in Resources */,
				3A4D907624C7CFC100D5C11F /* Assets.xcassets in Resources */,
				3A4D907424C7CFC000D5C11F /* Main.storyboard in Resources */,
			);
			runOnlyForDeploymentPostprocessing = 0;
		};
		3A4D907D24C7CFC100D5C11F /* Resources */ = {
			isa = PBXResourcesBuildPhase;
			buildActionMask = 2147483647;
			files = (
			);
			runOnlyForDeploymentPostprocessing = 0;
		};
		3A4D908824C7CFC100D5C11F /* Resources */ = {
			isa = PBXResourcesBuildPhase;
			buildActionMask = 2147483647;
			files = (
			);
			runOnlyForDeploymentPostprocessing = 0;
		};
/* End PBXResourcesBuildPhase section */

/* Begin PBXShellScriptBuildPhase section */
		0FB0A86DA81C55A5E92A24AF /* [CP] Check Pods Manifest.lock */ = {
			isa = PBXShellScriptBuildPhase;
			buildActionMask = 2147483647;
			files = (
			);
			inputFileListPaths = (
			);
			inputPaths = (
				"${PODS_PODFILE_DIR_PATH}/Podfile.lock",
				"${PODS_ROOT}/Manifest.lock",
			);
			name = "[CP] Check Pods Manifest.lock";
			outputFileListPaths = (
			);
			outputPaths = (
				"$(DERIVED_FILE_DIR)/Pods-AppStoreSearchTests-checkManifestLockResult.txt",
			);
			runOnlyForDeploymentPostprocessing = 0;
			shellPath = /bin/sh;
			shellScript = "diff \"${PODS_PODFILE_DIR_PATH}/Podfile.lock\" \"${PODS_ROOT}/Manifest.lock\" > /dev/null\nif [ $? != 0 ] ; then\n    # print error to STDERR\n    echo \"error: The sandbox is not in sync with the Podfile.lock. Run 'pod install' or update your CocoaPods installation.\" >&2\n    exit 1\nfi\n# This output is used by Xcode 'outputs' to avoid re-running this script phase.\necho \"SUCCESS\" > \"${SCRIPT_OUTPUT_FILE_0}\"\n";
			showEnvVarsInLog = 0;
		};
		291317D8B9A48F271EC51144 /* [CP] Check Pods Manifest.lock */ = {
			isa = PBXShellScriptBuildPhase;
			buildActionMask = 2147483647;
			files = (
			);
			inputFileListPaths = (
			);
			inputPaths = (
				"${PODS_PODFILE_DIR_PATH}/Podfile.lock",
				"${PODS_ROOT}/Manifest.lock",
			);
			name = "[CP] Check Pods Manifest.lock";
			outputFileListPaths = (
			);
			outputPaths = (
				"$(DERIVED_FILE_DIR)/Pods-AppStoreSearch-checkManifestLockResult.txt",
			);
			runOnlyForDeploymentPostprocessing = 0;
			shellPath = /bin/sh;
			shellScript = "diff \"${PODS_PODFILE_DIR_PATH}/Podfile.lock\" \"${PODS_ROOT}/Manifest.lock\" > /dev/null\nif [ $? != 0 ] ; then\n    # print error to STDERR\n    echo \"error: The sandbox is not in sync with the Podfile.lock. Run 'pod install' or update your CocoaPods installation.\" >&2\n    exit 1\nfi\n# This output is used by Xcode 'outputs' to avoid re-running this script phase.\necho \"SUCCESS\" > \"${SCRIPT_OUTPUT_FILE_0}\"\n";
			showEnvVarsInLog = 0;
		};
		FE616714EEEB7702867F6317 /* [CP] Check Pods Manifest.lock */ = {
			isa = PBXShellScriptBuildPhase;
			buildActionMask = 2147483647;
			files = (
			);
			inputFileListPaths = (
			);
			inputPaths = (
				"${PODS_PODFILE_DIR_PATH}/Podfile.lock",
				"${PODS_ROOT}/Manifest.lock",
			);
			name = "[CP] Check Pods Manifest.lock";
			outputFileListPaths = (
			);
			outputPaths = (
				"$(DERIVED_FILE_DIR)/Pods-AppStoreSearchUITests-checkManifestLockResult.txt",
			);
			runOnlyForDeploymentPostprocessing = 0;
			shellPath = /bin/sh;
			shellScript = "diff \"${PODS_PODFILE_DIR_PATH}/Podfile.lock\" \"${PODS_ROOT}/Manifest.lock\" > /dev/null\nif [ $? != 0 ] ; then\n    # print error to STDERR\n    echo \"error: The sandbox is not in sync with the Podfile.lock. Run 'pod install' or update your CocoaPods installation.\" >&2\n    exit 1\nfi\n# This output is used by Xcode 'outputs' to avoid re-running this script phase.\necho \"SUCCESS\" > \"${SCRIPT_OUTPUT_FILE_0}\"\n";
			showEnvVarsInLog = 0;
		};
/* End PBXShellScriptBuildPhase section */

/* Begin PBXSourcesBuildPhase section */
		3A4D906524C7CFC000D5C11F /* Sources */ = {
			isa = PBXSourcesBuildPhase;
			buildActionMask = 2147483647;
			files = (
				3A4D90A124C81B1000D5C11F /* AppCoordinator.swift in Sources */,
				3A4D907124C7CFC000D5C11F /* ViewController.swift in Sources */,
				3A4D906D24C7CFC000D5C11F /* AppDelegate.swift in Sources */,
				3A4D906F24C7CFC000D5C11F /* SceneDelegate.swift in Sources */,
			);
			runOnlyForDeploymentPostprocessing = 0;
		};
		3A4D907B24C7CFC100D5C11F /* Sources */ = {
			isa = PBXSourcesBuildPhase;
			buildActionMask = 2147483647;
			files = (
				3A4D908424C7CFC100D5C11F /* AppStoreSearchTests.swift in Sources */,
			);
			runOnlyForDeploymentPostprocessing = 0;
		};
		3A4D908624C7CFC100D5C11F /* Sources */ = {
			isa = PBXSourcesBuildPhase;
			buildActionMask = 2147483647;
			files = (
				3A4D908F24C7CFC100D5C11F /* AppStoreSearchUITests.swift in Sources */,
			);
			runOnlyForDeploymentPostprocessing = 0;
		};
/* End PBXSourcesBuildPhase section */

/* Begin PBXTargetDependency section */
		3A4D908124C7CFC100D5C11F /* PBXTargetDependency */ = {
			isa = PBXTargetDependency;
			target = 3A4D906824C7CFC000D5C11F /* AppStoreSearch */;
			targetProxy = 3A4D908024C7CFC100D5C11F /* PBXContainerItemProxy */;
		};
		3A4D908C24C7CFC100D5C11F /* PBXTargetDependency */ = {
			isa = PBXTargetDependency;
			target = 3A4D906824C7CFC000D5C11F /* AppStoreSearch */;
			targetProxy = 3A4D908B24C7CFC100D5C11F /* PBXContainerItemProxy */;
		};
/* End PBXTargetDependency section */

/* Begin PBXVariantGroup section */
		3A4D907224C7CFC000D5C11F /* Main.storyboard */ = {
			isa = PBXVariantGroup;
			children = (
				3A4D907324C7CFC000D5C11F /* Base */,
			);
			name = Main.storyboard;
			sourceTree = "<group>";
		};
		3A4D907724C7CFC100D5C11F /* LaunchScreen.storyboard */ = {
			isa = PBXVariantGroup;
			children = (
				3A4D907824C7CFC100D5C11F /* Base */,
			);
			name = LaunchScreen.storyboard;
			sourceTree = "<group>";
		};
/* End PBXVariantGroup section */

/* Begin XCBuildConfiguration section */
		3A4D909124C7CFC100D5C11F /* Debug */ = {
			isa = XCBuildConfiguration;
			buildSettings = {
				ALWAYS_SEARCH_USER_PATHS = NO;
				CLANG_ANALYZER_NONNULL = YES;
				CLANG_ANALYZER_NUMBER_OBJECT_CONVERSION = YES_AGGRESSIVE;
				CLANG_CXX_LANGUAGE_STANDARD = "gnu++14";
				CLANG_CXX_LIBRARY = "libc++";
				CLANG_ENABLE_MODULES = YES;
				CLANG_ENABLE_OBJC_ARC = YES;
				CLANG_ENABLE_OBJC_WEAK = YES;
				CLANG_WARN_BLOCK_CAPTURE_AUTORELEASING = YES;
				CLANG_WARN_BOOL_CONVERSION = YES;
				CLANG_WARN_COMMA = YES;
				CLANG_WARN_CONSTANT_CONVERSION = YES;
				CLANG_WARN_DEPRECATED_OBJC_IMPLEMENTATIONS = YES;
				CLANG_WARN_DIRECT_OBJC_ISA_USAGE = YES_ERROR;
				CLANG_WARN_DOCUMENTATION_COMMENTS = YES;
				CLANG_WARN_EMPTY_BODY = YES;
				CLANG_WARN_ENUM_CONVERSION = YES;
				CLANG_WARN_INFINITE_RECURSION = YES;
				CLANG_WARN_INT_CONVERSION = YES;
				CLANG_WARN_NON_LITERAL_NULL_CONVERSION = YES;
				CLANG_WARN_OBJC_IMPLICIT_RETAIN_SELF = YES;
				CLANG_WARN_OBJC_LITERAL_CONVERSION = YES;
				CLANG_WARN_OBJC_ROOT_CLASS = YES_ERROR;
				CLANG_WARN_RANGE_LOOP_ANALYSIS = YES;
				CLANG_WARN_STRICT_PROTOTYPES = YES;
				CLANG_WARN_SUSPICIOUS_MOVE = YES;
				CLANG_WARN_UNGUARDED_AVAILABILITY = YES_AGGRESSIVE;
				CLANG_WARN_UNREACHABLE_CODE = YES;
				CLANG_WARN__DUPLICATE_METHOD_MATCH = YES;
				COPY_PHASE_STRIP = NO;
				DEBUG_INFORMATION_FORMAT = dwarf;
				ENABLE_STRICT_OBJC_MSGSEND = YES;
				ENABLE_TESTABILITY = YES;
				GCC_C_LANGUAGE_STANDARD = gnu11;
				GCC_DYNAMIC_NO_PIC = NO;
				GCC_NO_COMMON_BLOCKS = YES;
				GCC_OPTIMIZATION_LEVEL = 0;
				GCC_PREPROCESSOR_DEFINITIONS = (
					"DEBUG=1",
					"$(inherited)",
				);
				GCC_WARN_64_TO_32_BIT_CONVERSION = YES;
				GCC_WARN_ABOUT_RETURN_TYPE = YES_ERROR;
				GCC_WARN_UNDECLARED_SELECTOR = YES;
				GCC_WARN_UNINITIALIZED_AUTOS = YES_AGGRESSIVE;
				GCC_WARN_UNUSED_FUNCTION = YES;
				GCC_WARN_UNUSED_VARIABLE = YES;
				IPHONEOS_DEPLOYMENT_TARGET = 13.0;
				MTL_ENABLE_DEBUG_INFO = INCLUDE_SOURCE;
				MTL_FAST_MATH = YES;
				ONLY_ACTIVE_ARCH = YES;
				SDKROOT = iphoneos;
				SWIFT_ACTIVE_COMPILATION_CONDITIONS = DEBUG;
				SWIFT_OPTIMIZATION_LEVEL = "-Onone";
			};
			name = Debug;
		};
		3A4D909224C7CFC100D5C11F /* Release */ = {
			isa = XCBuildConfiguration;
			buildSettings = {
				ALWAYS_SEARCH_USER_PATHS = NO;
				CLANG_ANALYZER_NONNULL = YES;
				CLANG_ANALYZER_NUMBER_OBJECT_CONVERSION = YES_AGGRESSIVE;
				CLANG_CXX_LANGUAGE_STANDARD = "gnu++14";
				CLANG_CXX_LIBRARY = "libc++";
				CLANG_ENABLE_MODULES = YES;
				CLANG_ENABLE_OBJC_ARC = YES;
				CLANG_ENABLE_OBJC_WEAK = YES;
				CLANG_WARN_BLOCK_CAPTURE_AUTORELEASING = YES;
				CLANG_WARN_BOOL_CONVERSION = YES;
				CLANG_WARN_COMMA = YES;
				CLANG_WARN_CONSTANT_CONVERSION = YES;
				CLANG_WARN_DEPRECATED_OBJC_IMPLEMENTATIONS = YES;
				CLANG_WARN_DIRECT_OBJC_ISA_USAGE = YES_ERROR;
				CLANG_WARN_DOCUMENTATION_COMMENTS = YES;
				CLANG_WARN_EMPTY_BODY = YES;
				CLANG_WARN_ENUM_CONVERSION = YES;
				CLANG_WARN_INFINITE_RECURSION = YES;
				CLANG_WARN_INT_CONVERSION = YES;
				CLANG_WARN_NON_LITERAL_NULL_CONVERSION = YES;
				CLANG_WARN_OBJC_IMPLICIT_RETAIN_SELF = YES;
				CLANG_WARN_OBJC_LITERAL_CONVERSION = YES;
				CLANG_WARN_OBJC_ROOT_CLASS = YES_ERROR;
				CLANG_WARN_RANGE_LOOP_ANALYSIS = YES;
				CLANG_WARN_STRICT_PROTOTYPES = YES;
				CLANG_WARN_SUSPICIOUS_MOVE = YES;
				CLANG_WARN_UNGUARDED_AVAILABILITY = YES_AGGRESSIVE;
				CLANG_WARN_UNREACHABLE_CODE = YES;
				CLANG_WARN__DUPLICATE_METHOD_MATCH = YES;
				COPY_PHASE_STRIP = NO;
				DEBUG_INFORMATION_FORMAT = "dwarf-with-dsym";
				ENABLE_NS_ASSERTIONS = NO;
				ENABLE_STRICT_OBJC_MSGSEND = YES;
				GCC_C_LANGUAGE_STANDARD = gnu11;
				GCC_NO_COMMON_BLOCKS = YES;
				GCC_WARN_64_TO_32_BIT_CONVERSION = YES;
				GCC_WARN_ABOUT_RETURN_TYPE = YES_ERROR;
				GCC_WARN_UNDECLARED_SELECTOR = YES;
				GCC_WARN_UNINITIALIZED_AUTOS = YES_AGGRESSIVE;
				GCC_WARN_UNUSED_FUNCTION = YES;
				GCC_WARN_UNUSED_VARIABLE = YES;
				IPHONEOS_DEPLOYMENT_TARGET = 13.0;
				MTL_ENABLE_DEBUG_INFO = NO;
				MTL_FAST_MATH = YES;
				SDKROOT = iphoneos;
				SWIFT_COMPILATION_MODE = wholemodule;
				SWIFT_OPTIMIZATION_LEVEL = "-O";
				VALIDATE_PRODUCT = YES;
			};
			name = Release;
		};
		3A4D909424C7CFC100D5C11F /* Debug */ = {
			isa = XCBuildConfiguration;
			baseConfigurationReference = AAA0212C76CDF479EFCD343F /* Pods-AppStoreSearch.debug.xcconfig */;
			buildSettings = {
				ASSETCATALOG_COMPILER_APPICON_NAME = AppIcon;
				CODE_SIGN_STYLE = Automatic;
				DEVELOPMENT_TEAM = LRUHN5QC56;
				INFOPLIST_FILE = AppStoreSearch/Info.plist;
				LD_RUNPATH_SEARCH_PATHS = (
					"$(inherited)",
					"@executable_path/Frameworks",
				);
				PRODUCT_BUNDLE_IDENTIFIER = io.hsleedevelop.AppStoreSearch;
				PRODUCT_NAME = "$(TARGET_NAME)";
				SWIFT_VERSION = 5.0;
				TARGETED_DEVICE_FAMILY = "1,2";
			};
			name = Debug;
		};
		3A4D909524C7CFC100D5C11F /* Release */ = {
			isa = XCBuildConfiguration;
			baseConfigurationReference = 29D3562BC21D1B3E508DD8A4 /* Pods-AppStoreSearch.release.xcconfig */;
			buildSettings = {
				ASSETCATALOG_COMPILER_APPICON_NAME = AppIcon;
				CODE_SIGN_STYLE = Automatic;
				DEVELOPMENT_TEAM = LRUHN5QC56;
				INFOPLIST_FILE = AppStoreSearch/Info.plist;
				LD_RUNPATH_SEARCH_PATHS = (
					"$(inherited)",
					"@executable_path/Frameworks",
				);
				PRODUCT_BUNDLE_IDENTIFIER = io.hsleedevelop.AppStoreSearch;
				PRODUCT_NAME = "$(TARGET_NAME)";
				SWIFT_VERSION = 5.0;
				TARGETED_DEVICE_FAMILY = "1,2";
			};
			name = Release;
		};
		3A4D909724C7CFC100D5C11F /* Debug */ = {
			isa = XCBuildConfiguration;
			baseConfigurationReference = EDC5F4463CEB9D18D5D94E2A /* Pods-AppStoreSearchTests.debug.xcconfig */;
			buildSettings = {
				ALWAYS_EMBED_SWIFT_STANDARD_LIBRARIES = YES;
				BUNDLE_LOADER = "$(TEST_HOST)";
				CODE_SIGN_STYLE = Automatic;
				DEVELOPMENT_TEAM = LRUHN5QC56;
				INFOPLIST_FILE = AppStoreSearchTests/Info.plist;
				IPHONEOS_DEPLOYMENT_TARGET = 13.6;
				LD_RUNPATH_SEARCH_PATHS = (
					"$(inherited)",
					"@executable_path/Frameworks",
					"@loader_path/Frameworks",
				);
				PRODUCT_BUNDLE_IDENTIFIER = io.hsleedevelop.AppStoreSearchTests;
				PRODUCT_NAME = "$(TARGET_NAME)";
				SWIFT_VERSION = 5.0;
				TARGETED_DEVICE_FAMILY = "1,2";
				TEST_HOST = "$(BUILT_PRODUCTS_DIR)/AppStoreSearch.app/AppStoreSearch";
			};
			name = Debug;
		};
		3A4D909824C7CFC100D5C11F /* Release */ = {
			isa = XCBuildConfiguration;
			baseConfigurationReference = FE6C778917CC18F9964014E3 /* Pods-AppStoreSearchTests.release.xcconfig */;
			buildSettings = {
				ALWAYS_EMBED_SWIFT_STANDARD_LIBRARIES = YES;
				BUNDLE_LOADER = "$(TEST_HOST)";
				CODE_SIGN_STYLE = Automatic;
				DEVELOPMENT_TEAM = LRUHN5QC56;
				INFOPLIST_FILE = AppStoreSearchTests/Info.plist;
				IPHONEOS_DEPLOYMENT_TARGET = 13.6;
				LD_RUNPATH_SEARCH_PATHS = (
					"$(inherited)",
					"@executable_path/Frameworks",
					"@loader_path/Frameworks",
				);
				PRODUCT_BUNDLE_IDENTIFIER = io.hsleedevelop.AppStoreSearchTests;
				PRODUCT_NAME = "$(TARGET_NAME)";
				SWIFT_VERSION = 5.0;
				TARGETED_DEVICE_FAMILY = "1,2";
				TEST_HOST = "$(BUILT_PRODUCTS_DIR)/AppStoreSearch.app/AppStoreSearch";
			};
			name = Release;
		};
		3A4D909A24C7CFC100D5C11F /* Debug */ = {
			isa = XCBuildConfiguration;
			baseConfigurationReference = 57B0602FD05904FCEFF01536 /* Pods-AppStoreSearchUITests.debug.xcconfig */;
			buildSettings = {
				ALWAYS_EMBED_SWIFT_STANDARD_LIBRARIES = YES;
				CODE_SIGN_STYLE = Automatic;
				DEVELOPMENT_TEAM = LRUHN5QC56;
				INFOPLIST_FILE = AppStoreSearchUITests/Info.plist;
				LD_RUNPATH_SEARCH_PATHS = (
					"$(inherited)",
					"@executable_path/Frameworks",
					"@loader_path/Frameworks",
				);
				PRODUCT_BUNDLE_IDENTIFIER = io.hsleedevelop.AppStoreSearchUITests;
				PRODUCT_NAME = "$(TARGET_NAME)";
				SWIFT_VERSION = 5.0;
				TARGETED_DEVICE_FAMILY = "1,2";
				TEST_TARGET_NAME = AppStoreSearch;
			};
			name = Debug;
		};
		3A4D909B24C7CFC100D5C11F /* Release */ = {
			isa = XCBuildConfiguration;
			baseConfigurationReference = 3895111B127F69776AC9A1C5 /* Pods-AppStoreSearchUITests.release.xcconfig */;
			buildSettings = {
				ALWAYS_EMBED_SWIFT_STANDARD_LIBRARIES = YES;
				CODE_SIGN_STYLE = Automatic;
				DEVELOPMENT_TEAM = LRUHN5QC56;
				INFOPLIST_FILE = AppStoreSearchUITests/Info.plist;
				LD_RUNPATH_SEARCH_PATHS = (
					"$(inherited)",
					"@executable_path/Frameworks",
					"@loader_path/Frameworks",
				);
				PRODUCT_BUNDLE_IDENTIFIER = io.hsleedevelop.AppStoreSearchUITests;
				PRODUCT_NAME = "$(TARGET_NAME)";
				SWIFT_VERSION = 5.0;
				TARGETED_DEVICE_FAMILY = "1,2";
				TEST_TARGET_NAME = AppStoreSearch;
			};
			name = Release;
		};
/* End XCBuildConfiguration section */

/* Begin XCConfigurationList section */
		3A4D906424C7CFC000D5C11F /* Build configuration list for PBXProject "AppStoreSearch" */ = {
			isa = XCConfigurationList;
			buildConfigurations = (
				3A4D909124C7CFC100D5C11F /* Debug */,
				3A4D909224C7CFC100D5C11F /* Release */,
			);
			defaultConfigurationIsVisible = 0;
			defaultConfigurationName = Release;
		};
		3A4D909324C7CFC100D5C11F /* Build configuration list for PBXNativeTarget "AppStoreSearch" */ = {
			isa = XCConfigurationList;
			buildConfigurations = (
				3A4D909424C7CFC100D5C11F /* Debug */,
				3A4D909524C7CFC100D5C11F /* Release */,
			);
			defaultConfigurationIsVisible = 0;
			defaultConfigurationName = Release;
		};
		3A4D909624C7CFC100D5C11F /* Build configuration list for PBXNativeTarget "AppStoreSearchTests" */ = {
			isa = XCConfigurationList;
			buildConfigurations = (
				3A4D909724C7CFC100D5C11F /* Debug */,
				3A4D909824C7CFC100D5C11F /* Release */,
			);
			defaultConfigurationIsVisible = 0;
			defaultConfigurationName = Release;
		};
		3A4D909924C7CFC100D5C11F /* Build configuration list for PBXNativeTarget "AppStoreSearchUITests" */ = {
			isa = XCConfigurationList;
			buildConfigurations = (
				3A4D909A24C7CFC100D5C11F /* Debug */,
				3A4D909B24C7CFC100D5C11F /* Release */,
			);
			defaultConfigurationIsVisible = 0;
			defaultConfigurationName = Release;
		};
/* End XCConfigurationList section */
	};
	rootObject = 3A4D906124C7CFC000D5C11F /* Project object */;
}
