// !$*UTF8*$!
{
	archiveVersion = 1;
	classes = {
	};
	objectVersion = 51;
	objects = {

/* Begin PBXBuildFile section */
		3A12DD9624C973C6004728B9 /* AppListViewController.swift in Sources */ = {isa = PBXBuildFile; fileRef = 3A12DD9524C973C6004728B9 /* AppListViewController.swift */; };
		3A12DD9824C973CE004728B9 /* AppListCoordinator.swift in Sources */ = {isa = PBXBuildFile; fileRef = 3A12DD9724C973CE004728B9 /* AppListCoordinator.swift */; };
		3A12DD9A24C973D8004728B9 /* AppListViewModel.swift in Sources */ = {isa = PBXBuildFile; fileRef = 3A12DD9924C973D8004728B9 /* AppListViewModel.swift */; };
		3A12DD9C24C973E3004728B9 /* AppListScene.storyboard in Resources */ = {isa = PBXBuildFile; fileRef = 3A12DD9B24C973E3004728B9 /* AppListScene.storyboard */; };
		3A12DDA024C97F38004728B9 /* MatchesViewController.swift in Sources */ = {isa = PBXBuildFile; fileRef = 3A12DD9F24C97F38004728B9 /* MatchesViewController.swift */; };
		3A12DDA224C97FDF004728B9 /* MatchesCoordinator.swift in Sources */ = {isa = PBXBuildFile; fileRef = 3A12DDA124C97FDF004728B9 /* MatchesCoordinator.swift */; };
		3A12DDA424C97FEE004728B9 /* MatchScene.storyboard in Resources */ = {isa = PBXBuildFile; fileRef = 3A12DDA324C97FEE004728B9 /* MatchScene.storyboard */; };
		3A4D906D24C7CFC000D5C11F /* AppDelegate.swift in Sources */ = {isa = PBXBuildFile; fileRef = 3A4D906C24C7CFC000D5C11F /* AppDelegate.swift */; };
		3A4D906F24C7CFC000D5C11F /* SceneDelegate.swift in Sources */ = {isa = PBXBuildFile; fileRef = 3A4D906E24C7CFC000D5C11F /* SceneDelegate.swift */; };
		3A4D907624C7CFC100D5C11F /* Assets.xcassets in Resources */ = {isa = PBXBuildFile; fileRef = 3A4D907524C7CFC100D5C11F /* Assets.xcassets */; };
		3A4D907924C7CFC100D5C11F /* LaunchScreen.storyboard in Resources */ = {isa = PBXBuildFile; fileRef = 3A4D907724C7CFC100D5C11F /* LaunchScreen.storyboard */; };
		3A4D908424C7CFC100D5C11F /* AppStoreSearchTests.swift in Sources */ = {isa = PBXBuildFile; fileRef = 3A4D908324C7CFC100D5C11F /* AppStoreSearchTests.swift */; };
		3A4D908F24C7CFC100D5C11F /* AppStoreSearchUITests.swift in Sources */ = {isa = PBXBuildFile; fileRef = 3A4D908E24C7CFC100D5C11F /* AppStoreSearchUITests.swift */; };
		3A4D90A124C81B1000D5C11F /* AppCoordinator.swift in Sources */ = {isa = PBXBuildFile; fileRef = 3A4D90A024C81B1000D5C11F /* AppCoordinator.swift */; };
		3A4D90A524C81CAF00D5C11F /* BaseCoordinator.swift in Sources */ = {isa = PBXBuildFile; fileRef = 3A4D90A424C81CAF00D5C11F /* BaseCoordinator.swift */; };
		3A4D90A824C81CFD00D5C11F /* ViewModelType.swift in Sources */ = {isa = PBXBuildFile; fileRef = 3A4D90A724C81CFD00D5C11F /* ViewModelType.swift */; };
		3A4D90AF24C81D9100D5C11F /* SearchViewController.swift in Sources */ = {isa = PBXBuildFile; fileRef = 3A4D90AE24C81D9100D5C11F /* SearchViewController.swift */; };
		3A4D90B124C81DBF00D5C11F /* SearchCoordinator.swift in Sources */ = {isa = PBXBuildFile; fileRef = 3A4D90B024C81DBF00D5C11F /* SearchCoordinator.swift */; };
		3A4D90B324C81DD800D5C11F /* SearchViewModel.swift in Sources */ = {isa = PBXBuildFile; fileRef = 3A4D90B224C81DD800D5C11F /* SearchViewModel.swift */; };
		3A4D90B524C81E2300D5C11F /* SearchScene.storyboard in Resources */ = {isa = PBXBuildFile; fileRef = 3A4D90B424C81E2300D5C11F /* SearchScene.storyboard */; };
		3A4D90BD24C8212E00D5C11F /* MatchesViewModel.swift in Sources */ = {isa = PBXBuildFile; fileRef = 3A4D90BC24C8212E00D5C11F /* MatchesViewModel.swift */; };
		3A4D90BF24C8225C00D5C11F /* SearchAPI.swift in Sources */ = {isa = PBXBuildFile; fileRef = 3A4D90BE24C8225C00D5C11F /* SearchAPI.swift */; };
		3A4D90C124C8227800D5C11F /* API.swift in Sources */ = {isa = PBXBuildFile; fileRef = 3A4D90C024C8227800D5C11F /* API.swift */; };
		3A4D90C424C822C100D5C11F /* AppConfiguration.swift in Sources */ = {isa = PBXBuildFile; fileRef = 3A4D90C324C822C100D5C11F /* AppConfiguration.swift */; };
		3A4D90C824C84DA600D5C11F /* TermProvider.swift in Sources */ = {isa = PBXBuildFile; fileRef = 3A4D90C724C84DA600D5C11F /* TermProvider.swift */; };
		3A4D90CB24C8534D00D5C11F /* Validator.swift in Sources */ = {isa = PBXBuildFile; fileRef = 3A4D90CA24C8534D00D5C11F /* Validator.swift */; };
		3A4D90D924C85F1D00D5C11F /* ActivityIndicator.swift in Sources */ = {isa = PBXBuildFile; fileRef = 3A4D90CD24C85F1C00D5C11F /* ActivityIndicator.swift */; };
		3A4D90DA24C85F1D00D5C11F /* ObservableType+Extensions.swift in Sources */ = {isa = PBXBuildFile; fileRef = 3A4D90CF24C85F1C00D5C11F /* ObservableType+Extensions.swift */; };
		3A4D90DB24C85F1D00D5C11F /* Data+Extensions.swift in Sources */ = {isa = PBXBuildFile; fileRef = 3A4D90D024C85F1C00D5C11F /* Data+Extensions.swift */; };
		3A4D90DC24C85F1D00D5C11F /* ErrorTracker.swift in Sources */ = {isa = PBXBuildFile; fileRef = 3A4D90D124C85F1C00D5C11F /* ErrorTracker.swift */; };
		3A4D90DE24C85F1D00D5C11F /* Utilities.swift in Sources */ = {isa = PBXBuildFile; fileRef = 3A4D90D324C85F1C00D5C11F /* Utilities.swift */; };
		3A4D90DF24C85F1D00D5C11F /* Alertable.swift in Sources */ = {isa = PBXBuildFile; fileRef = 3A4D90D524C85F1D00D5C11F /* Alertable.swift */; };
		3A4D90E524C8622300D5C11F /* TermSectionModel.swift in Sources */ = {isa = PBXBuildFile; fileRef = 3A4D90E424C8622300D5C11F /* TermSectionModel.swift */; };
		3AE5DDF524C9B38D00488E4D /* TermProviderTests.swift in Sources */ = {isa = PBXBuildFile; fileRef = 3AE5DDF424C9B38D00488E4D /* TermProviderTests.swift */; };
		48A72C5024CD4B8C0026D556 /* SearchCoordinatorTests.swift in Sources */ = {isa = PBXBuildFile; fileRef = 48A72C4F24CD4B8C0026D556 /* SearchCoordinatorTests.swift */; };
		48A72C5624CD51840026D556 /* XCUIElement+Extensions.swift in Sources */ = {isa = PBXBuildFile; fileRef = 48A72C5524CD51840026D556 /* XCUIElement+Extensions.swift */; };
		48B8DB2424CA88BF004C2A8C /* AppListTableViewCell.swift in Sources */ = {isa = PBXBuildFile; fileRef = 48B8DB2324CA88BF004C2A8C /* AppListTableViewCell.swift */; };
		48B8DB2B24CAA311004C2A8C /* AppPresentable.swift in Sources */ = {isa = PBXBuildFile; fileRef = 48B8DB2A24CAA311004C2A8C /* AppPresentable.swift */; };
		48B8DB2E24CAA37F004C2A8C /* AppDetailSectionModel.swift in Sources */ = {isa = PBXBuildFile; fileRef = 48B8DB2D24CAA37F004C2A8C /* AppDetailSectionModel.swift */; };
		48B8DB3724CAAB86004C2A8C /* SearchResultApp.swift in Sources */ = {isa = PBXBuildFile; fileRef = 48B8DB3524CAAB86004C2A8C /* SearchResultApp.swift */; };
		48B8DB3824CAAB86004C2A8C /* SearchResponse.swift in Sources */ = {isa = PBXBuildFile; fileRef = 48B8DB3624CAAB86004C2A8C /* SearchResponse.swift */; };
		48B8DB3A24CAABF8004C2A8C /* UIView+Extensions.swift in Sources */ = {isa = PBXBuildFile; fileRef = 48B8DB3924CAABF8004C2A8C /* UIView+Extensions.swift */; };
		48B8DB3C24CAAE66004C2A8C /* ImageProvider.swift in Sources */ = {isa = PBXBuildFile; fileRef = 48B8DB3B24CAAE66004C2A8C /* ImageProvider.swift */; };
		48B8DB3E24CAAF4E004C2A8C /* NetworkProvider.swift in Sources */ = {isa = PBXBuildFile; fileRef = 48B8DB3D24CAAF4E004C2A8C /* NetworkProvider.swift */; };
		48B8DB4024CAC2E5004C2A8C /* SearchProvider.swift in Sources */ = {isa = PBXBuildFile; fileRef = 48B8DB3F24CAC2E5004C2A8C /* SearchProvider.swift */; };
		48B8DB4224CACEEE004C2A8C /* UIViewController+Extensions.swift in Sources */ = {isa = PBXBuildFile; fileRef = 48B8DB4124CACEEE004C2A8C /* UIViewController+Extensions.swift */; };
		48B8DB4424CAD7DE004C2A8C /* AppListSectionModel.swift in Sources */ = {isa = PBXBuildFile; fileRef = 48B8DB4324CAD7DE004C2A8C /* AppListSectionModel.swift */; };
		48B8DB4624CADB96004C2A8C /* Logger.swift in Sources */ = {isa = PBXBuildFile; fileRef = 48B8DB4524CADB96004C2A8C /* Logger.swift */; };
		48B8DB4924CADEF9004C2A8C /* AppDetailViewController.swift in Sources */ = {isa = PBXBuildFile; fileRef = 48B8DB4824CADEF9004C2A8C /* AppDetailViewController.swift */; };
		48B8DB4B24CADF01004C2A8C /* AppDetailViewModel.swift in Sources */ = {isa = PBXBuildFile; fileRef = 48B8DB4A24CADF01004C2A8C /* AppDetailViewModel.swift */; };
		48B8DB4D24CADF13004C2A8C /* AppDetailCoordinator.swift in Sources */ = {isa = PBXBuildFile; fileRef = 48B8DB4C24CADF13004C2A8C /* AppDetailCoordinator.swift */; };
		48B8DB4F24CADF21004C2A8C /* AppDetailScene.storyboard in Resources */ = {isa = PBXBuildFile; fileRef = 48B8DB4E24CADF21004C2A8C /* AppDetailScene.storyboard */; };
		48B8DB5224CAE956004C2A8C /* AppDetailHeaderTableViewCell.swift in Sources */ = {isa = PBXBuildFile; fileRef = 48B8DB5124CAE956004C2A8C /* AppDetailHeaderTableViewCell.swift */; };
		48B8DB5424CAE968004C2A8C /* AppDetailScreenshotsTableViewCell.swift in Sources */ = {isa = PBXBuildFile; fileRef = 48B8DB5324CAE968004C2A8C /* AppDetailScreenshotsTableViewCell.swift */; };
		48B8DB5624CAE972004C2A8C /* AppDetailScreenshotCollectionViewCell.swift in Sources */ = {isa = PBXBuildFile; fileRef = 48B8DB5524CAE972004C2A8C /* AppDetailScreenshotCollectionViewCell.swift */; };
		48B8DB5824CAE97A004C2A8C /* AppDetailWhatsNewTableViewCell.swift in Sources */ = {isa = PBXBuildFile; fileRef = 48B8DB5724CAE97A004C2A8C /* AppDetailWhatsNewTableViewCell.swift */; };
		48B8DB5A24CAE985004C2A8C /* AppDetailDescriptionTableViewCell.swift in Sources */ = {isa = PBXBuildFile; fileRef = 48B8DB5924CAE985004C2A8C /* AppDetailDescriptionTableViewCell.swift */; };
		48B8DB5C24CAE98E004C2A8C /* AppDetailInformationCell.swift in Sources */ = {isa = PBXBuildFile; fileRef = 48B8DB5B24CAE98E004C2A8C /* AppDetailInformationCell.swift */; };
		48B8DB6024CAEA63004C2A8C /* String+Extensions.swift in Sources */ = {isa = PBXBuildFile; fileRef = 48B8DB5F24CAEA63004C2A8C /* String+Extensions.swift */; };
		48B8DB6324CAEC0A004C2A8C /* ScreenshotsViewController.swift in Sources */ = {isa = PBXBuildFile; fileRef = 48B8DB6224CAEC0A004C2A8C /* ScreenshotsViewController.swift */; };
		48B8DB6524CAEC15004C2A8C /* ScreenshotsCoordinator.swift in Sources */ = {isa = PBXBuildFile; fileRef = 48B8DB6424CAEC15004C2A8C /* ScreenshotsCoordinator.swift */; };
		48B8DB6724CAEC21004C2A8C /* ScreenshotsViewModel.swift in Sources */ = {isa = PBXBuildFile; fileRef = 48B8DB6624CAEC21004C2A8C /* ScreenshotsViewModel.swift */; };
		48B8DB6924CAEC3A004C2A8C /* ScreeenshotsScene.storyboard in Resources */ = {isa = PBXBuildFile; fileRef = 48B8DB6824CAEC3A004C2A8C /* ScreeenshotsScene.storyboard */; };
		48C06E1724CBE524004A8425 /* AppDetailHeaderTableViewCell.xib in Resources */ = {isa = PBXBuildFile; fileRef = 48C06E1624CBE524004A8425 /* AppDetailHeaderTableViewCell.xib */; };
		48C06E1924CBE53C004A8425 /* AppDetailScreenshotsTableViewCell.xib in Resources */ = {isa = PBXBuildFile; fileRef = 48C06E1824CBE53C004A8425 /* AppDetailScreenshotsTableViewCell.xib */; };
		48C06E1B24CBE550004A8425 /* AppDetailScreenshotCollectionViewCell.xib in Resources */ = {isa = PBXBuildFile; fileRef = 48C06E1A24CBE550004A8425 /* AppDetailScreenshotCollectionViewCell.xib */; };
		48C06E1D24CBE593004A8425 /* AppDetailWhatsNewTableViewCell.xib in Resources */ = {isa = PBXBuildFile; fileRef = 48C06E1C24CBE593004A8425 /* AppDetailWhatsNewTableViewCell.xib */; };
		48C06E1F24CBE5CA004A8425 /* AppDetailDescriptionTableViewCell.xib in Resources */ = {isa = PBXBuildFile; fileRef = 48C06E1E24CBE5CA004A8425 /* AppDetailDescriptionTableViewCell.xib */; };
		48C06E2124CBE5DD004A8425 /* AppDetailInformationCell.xib in Resources */ = {isa = PBXBuildFile; fileRef = 48C06E2024CBE5DD004A8425 /* AppDetailInformationCell.xib */; };
		48C06E2624CC21B5004A8425 /* ScreenshotsCollectionViewCell.swift in Sources */ = {isa = PBXBuildFile; fileRef = 48C06E2524CC21B5004A8425 /* ScreenshotsCollectionViewCell.swift */; };
		48C06E2824CC2235004A8425 /* ScreenshotsCollectionViewCell.xib in Resources */ = {isa = PBXBuildFile; fileRef = 48C06E2724CC2235004A8425 /* ScreenshotsCollectionViewCell.xib */; };
		713DD69CEEF91DD4E6B707A7 /* Pods_AppStoreSearchTests.framework in Frameworks */ = {isa = PBXBuildFile; fileRef = 1771AC754D50CEFC35A5391A /* Pods_AppStoreSearchTests.framework */; };
		B3181F1B8E16B15BFCDEF98B /* Pods_AppStoreSearch.framework in Frameworks */ = {isa = PBXBuildFile; fileRef = 3BD8AC261205DBE4A615F95D /* Pods_AppStoreSearch.framework */; };
		FB4A827CBAD9106C2878983D /* Pods_AppStoreSearchUITests.framework in Frameworks */ = {isa = PBXBuildFile; fileRef = EF588CE0CB8E940F060FEF19 /* Pods_AppStoreSearchUITests.framework */; };
/* End PBXBuildFile section */

/* Begin PBXContainerItemProxy section */
		3A4D908024C7CFC100D5C11F /* PBXContainerItemProxy */ = {
			isa = PBXContainerItemProxy;
			containerPortal = 3A4D906124C7CFC000D5C11F /* Project object */;
			proxyType = 1;
			remoteGlobalIDString = 3A4D906824C7CFC000D5C11F;
			remoteInfo = AppStoreSearch;
		};
		3A4D908B24C7CFC100D5C11F /* PBXContainerItemProxy */ = {
			isa = PBXContainerItemProxy;
			containerPortal = 3A4D906124C7CFC000D5C11F /* Project object */;
			proxyType = 1;
			remoteGlobalIDString = 3A4D906824C7CFC000D5C11F;
			remoteInfo = AppStoreSearch;
		};
/* End PBXContainerItemProxy section */

/* Begin PBXFileReference section */
		1771AC754D50CEFC35A5391A /* Pods_AppStoreSearchTests.framework */ = {isa = PBXFileReference; explicitFileType = wrapper.framework; includeInIndex = 0; path = Pods_AppStoreSearchTests.framework; sourceTree = BUILT_PRODUCTS_DIR; };
		29D3562BC21D1B3E508DD8A4 /* Pods-AppStoreSearch.release.xcconfig */ = {isa = PBXFileReference; includeInIndex = 1; lastKnownFileType = text.xcconfig; name = "Pods-AppStoreSearch.release.xcconfig"; path = "Target Support Files/Pods-AppStoreSearch/Pods-AppStoreSearch.release.xcconfig"; sourceTree = "<group>"; };
		3895111B127F69776AC9A1C5 /* Pods-AppStoreSearchUITests.release.xcconfig */ = {isa = PBXFileReference; includeInIndex = 1; lastKnownFileType = text.xcconfig; name = "Pods-AppStoreSearchUITests.release.xcconfig"; path = "Target Support Files/Pods-AppStoreSearchUITests/Pods-AppStoreSearchUITests.release.xcconfig"; sourceTree = "<group>"; };
		3A12DD9524C973C6004728B9 /* AppListViewController.swift */ = {isa = PBXFileReference; lastKnownFileType = sourcecode.swift; path = AppListViewController.swift; sourceTree = "<group>"; };
		3A12DD9724C973CE004728B9 /* AppListCoordinator.swift */ = {isa = PBXFileReference; lastKnownFileType = sourcecode.swift; path = AppListCoordinator.swift; sourceTree = "<group>"; };
		3A12DD9924C973D8004728B9 /* AppListViewModel.swift */ = {isa = PBXFileReference; lastKnownFileType = sourcecode.swift; path = AppListViewModel.swift; sourceTree = "<group>"; };
		3A12DD9B24C973E3004728B9 /* AppListScene.storyboard */ = {isa = PBXFileReference; lastKnownFileType = file.storyboard; path = AppListScene.storyboard; sourceTree = "<group>"; };
		3A12DD9F24C97F38004728B9 /* MatchesViewController.swift */ = {isa = PBXFileReference; lastKnownFileType = sourcecode.swift; path = MatchesViewController.swift; sourceTree = "<group>"; };
		3A12DDA124C97FDF004728B9 /* MatchesCoordinator.swift */ = {isa = PBXFileReference; lastKnownFileType = sourcecode.swift; path = MatchesCoordinator.swift; sourceTree = "<group>"; };
		3A12DDA324C97FEE004728B9 /* MatchScene.storyboard */ = {isa = PBXFileReference; lastKnownFileType = file.storyboard; path = MatchScene.storyboard; sourceTree = "<group>"; };
		3A4D906924C7CFC000D5C11F /* AppStoreSearch.app */ = {isa = PBXFileReference; explicitFileType = wrapper.application; includeInIndex = 0; path = AppStoreSearch.app; sourceTree = BUILT_PRODUCTS_DIR; };
		3A4D906C24C7CFC000D5C11F /* AppDelegate.swift */ = {isa = PBXFileReference; lastKnownFileType = sourcecode.swift; path = AppDelegate.swift; sourceTree = "<group>"; };
		3A4D906E24C7CFC000D5C11F /* SceneDelegate.swift */ = {isa = PBXFileReference; lastKnownFileType = sourcecode.swift; path = SceneDelegate.swift; sourceTree = "<group>"; };
		3A4D907524C7CFC100D5C11F /* Assets.xcassets */ = {isa = PBXFileReference; lastKnownFileType = folder.assetcatalog; path = Assets.xcassets; sourceTree = "<group>"; };
		3A4D907824C7CFC100D5C11F /* Base */ = {isa = PBXFileReference; lastKnownFileType = file.storyboard; name = Base; path = Base.lproj/LaunchScreen.storyboard; sourceTree = "<group>"; };
		3A4D907A24C7CFC100D5C11F /* Info.plist */ = {isa = PBXFileReference; lastKnownFileType = text.plist.xml; path = Info.plist; sourceTree = "<group>"; };
		3A4D907F24C7CFC100D5C11F /* AppStoreSearchTests.xctest */ = {isa = PBXFileReference; explicitFileType = wrapper.cfbundle; includeInIndex = 0; path = AppStoreSearchTests.xctest; sourceTree = BUILT_PRODUCTS_DIR; };
		3A4D908324C7CFC100D5C11F /* AppStoreSearchTests.swift */ = {isa = PBXFileReference; lastKnownFileType = sourcecode.swift; path = AppStoreSearchTests.swift; sourceTree = "<group>"; };
		3A4D908524C7CFC100D5C11F /* Info.plist */ = {isa = PBXFileReference; lastKnownFileType = text.plist.xml; path = Info.plist; sourceTree = "<group>"; };
		3A4D908A24C7CFC100D5C11F /* AppStoreSearchUITests.xctest */ = {isa = PBXFileReference; explicitFileType = wrapper.cfbundle; includeInIndex = 0; path = AppStoreSearchUITests.xctest; sourceTree = BUILT_PRODUCTS_DIR; };
		3A4D908E24C7CFC100D5C11F /* AppStoreSearchUITests.swift */ = {isa = PBXFileReference; lastKnownFileType = sourcecode.swift; path = AppStoreSearchUITests.swift; sourceTree = "<group>"; };
		3A4D909024C7CFC100D5C11F /* Info.plist */ = {isa = PBXFileReference; lastKnownFileType = text.plist.xml; path = Info.plist; sourceTree = "<group>"; };
		3A4D90A024C81B1000D5C11F /* AppCoordinator.swift */ = {isa = PBXFileReference; lastKnownFileType = sourcecode.swift; path = AppCoordinator.swift; sourceTree = "<group>"; };
		3A4D90A424C81CAF00D5C11F /* BaseCoordinator.swift */ = {isa = PBXFileReference; fileEncoding = 4; lastKnownFileType = sourcecode.swift; path = BaseCoordinator.swift; sourceTree = "<group>"; };
		3A4D90A724C81CFD00D5C11F /* ViewModelType.swift */ = {isa = PBXFileReference; fileEncoding = 4; lastKnownFileType = sourcecode.swift; path = ViewModelType.swift; sourceTree = "<group>"; };
		3A4D90AE24C81D9100D5C11F /* SearchViewController.swift */ = {isa = PBXFileReference; lastKnownFileType = sourcecode.swift; path = SearchViewController.swift; sourceTree = "<group>"; };
		3A4D90B024C81DBF00D5C11F /* SearchCoordinator.swift */ = {isa = PBXFileReference; lastKnownFileType = sourcecode.swift; path = SearchCoordinator.swift; sourceTree = "<group>"; };
		3A4D90B224C81DD800D5C11F /* SearchViewModel.swift */ = {isa = PBXFileReference; lastKnownFileType = sourcecode.swift; path = SearchViewModel.swift; sourceTree = "<group>"; };
		3A4D90B424C81E2300D5C11F /* SearchScene.storyboard */ = {isa = PBXFileReference; lastKnownFileType = file.storyboard; path = SearchScene.storyboard; sourceTree = "<group>"; };
		3A4D90BC24C8212E00D5C11F /* MatchesViewModel.swift */ = {isa = PBXFileReference; lastKnownFileType = sourcecode.swift; path = MatchesViewModel.swift; sourceTree = "<group>"; };
		3A4D90BE24C8225C00D5C11F /* SearchAPI.swift */ = {isa = PBXFileReference; lastKnownFileType = sourcecode.swift; path = SearchAPI.swift; sourceTree = "<group>"; };
		3A4D90C024C8227800D5C11F /* API.swift */ = {isa = PBXFileReference; lastKnownFileType = sourcecode.swift; path = API.swift; sourceTree = "<group>"; };
		3A4D90C324C822C100D5C11F /* AppConfiguration.swift */ = {isa = PBXFileReference; lastKnownFileType = sourcecode.swift; path = AppConfiguration.swift; sourceTree = "<group>"; };
		3A4D90C724C84DA600D5C11F /* TermProvider.swift */ = {isa = PBXFileReference; lastKnownFileType = sourcecode.swift; path = TermProvider.swift; sourceTree = "<group>"; };
		3A4D90CA24C8534D00D5C11F /* Validator.swift */ = {isa = PBXFileReference; lastKnownFileType = sourcecode.swift; path = Validator.swift; sourceTree = "<group>"; };
		3A4D90CD24C85F1C00D5C11F /* ActivityIndicator.swift */ = {isa = PBXFileReference; fileEncoding = 4; lastKnownFileType = sourcecode.swift; path = ActivityIndicator.swift; sourceTree = "<group>"; };
		3A4D90CF24C85F1C00D5C11F /* ObservableType+Extensions.swift */ = {isa = PBXFileReference; fileEncoding = 4; lastKnownFileType = sourcecode.swift; path = "ObservableType+Extensions.swift"; sourceTree = "<group>"; };
		3A4D90D024C85F1C00D5C11F /* Data+Extensions.swift */ = {isa = PBXFileReference; fileEncoding = 4; lastKnownFileType = sourcecode.swift; path = "Data+Extensions.swift"; sourceTree = "<group>"; };
		3A4D90D124C85F1C00D5C11F /* ErrorTracker.swift */ = {isa = PBXFileReference; fileEncoding = 4; lastKnownFileType = sourcecode.swift; path = ErrorTracker.swift; sourceTree = "<group>"; };
		3A4D90D324C85F1C00D5C11F /* Utilities.swift */ = {isa = PBXFileReference; fileEncoding = 4; lastKnownFileType = sourcecode.swift; path = Utilities.swift; sourceTree = "<group>"; };
		3A4D90D524C85F1D00D5C11F /* Alertable.swift */ = {isa = PBXFileReference; fileEncoding = 4; lastKnownFileType = sourcecode.swift; path = Alertable.swift; sourceTree = "<group>"; };
		3A4D90E424C8622300D5C11F /* TermSectionModel.swift */ = {isa = PBXFileReference; lastKnownFileType = sourcecode.swift; path = TermSectionModel.swift; sourceTree = "<group>"; };
		3AE5DDF424C9B38D00488E4D /* TermProviderTests.swift */ = {isa = PBXFileReference; lastKnownFileType = sourcecode.swift; path = TermProviderTests.swift; sourceTree = "<group>"; };
		3BD8AC261205DBE4A615F95D /* Pods_AppStoreSearch.framework */ = {isa = PBXFileReference; explicitFileType = wrapper.framework; includeInIndex = 0; path = Pods_AppStoreSearch.framework; sourceTree = BUILT_PRODUCTS_DIR; };
		48A72C4F24CD4B8C0026D556 /* SearchCoordinatorTests.swift */ = {isa = PBXFileReference; lastKnownFileType = sourcecode.swift; path = SearchCoordinatorTests.swift; sourceTree = "<group>"; };
		48A72C5524CD51840026D556 /* XCUIElement+Extensions.swift */ = {isa = PBXFileReference; lastKnownFileType = sourcecode.swift; path = "XCUIElement+Extensions.swift"; sourceTree = "<group>"; };
		48B8DB2324CA88BF004C2A8C /* AppListTableViewCell.swift */ = {isa = PBXFileReference; lastKnownFileType = sourcecode.swift; path = AppListTableViewCell.swift; sourceTree = "<group>"; };
		48B8DB2A24CAA311004C2A8C /* AppPresentable.swift */ = {isa = PBXFileReference; lastKnownFileType = sourcecode.swift; path = AppPresentable.swift; sourceTree = "<group>"; };
		48B8DB2D24CAA37F004C2A8C /* AppDetailSectionModel.swift */ = {isa = PBXFileReference; lastKnownFileType = sourcecode.swift; path = AppDetailSectionModel.swift; sourceTree = "<group>"; };
		48B8DB3524CAAB86004C2A8C /* SearchResultApp.swift */ = {isa = PBXFileReference; fileEncoding = 4; lastKnownFileType = sourcecode.swift; path = SearchResultApp.swift; sourceTree = "<group>"; };
		48B8DB3624CAAB86004C2A8C /* SearchResponse.swift */ = {isa = PBXFileReference; fileEncoding = 4; lastKnownFileType = sourcecode.swift; path = SearchResponse.swift; sourceTree = "<group>"; };
		48B8DB3924CAABF8004C2A8C /* UIView+Extensions.swift */ = {isa = PBXFileReference; lastKnownFileType = sourcecode.swift; path = "UIView+Extensions.swift"; sourceTree = "<group>"; };
		48B8DB3B24CAAE66004C2A8C /* ImageProvider.swift */ = {isa = PBXFileReference; lastKnownFileType = sourcecode.swift; path = ImageProvider.swift; sourceTree = "<group>"; };
		48B8DB3D24CAAF4E004C2A8C /* NetworkProvider.swift */ = {isa = PBXFileReference; lastKnownFileType = sourcecode.swift; path = NetworkProvider.swift; sourceTree = "<group>"; };
		48B8DB3F24CAC2E5004C2A8C /* SearchProvider.swift */ = {isa = PBXFileReference; lastKnownFileType = sourcecode.swift; path = SearchProvider.swift; sourceTree = "<group>"; };
		48B8DB4124CACEEE004C2A8C /* UIViewController+Extensions.swift */ = {isa = PBXFileReference; lastKnownFileType = sourcecode.swift; path = "UIViewController+Extensions.swift"; sourceTree = "<group>"; };
		48B8DB4324CAD7DE004C2A8C /* AppListSectionModel.swift */ = {isa = PBXFileReference; lastKnownFileType = sourcecode.swift; path = AppListSectionModel.swift; sourceTree = "<group>"; };
		48B8DB4524CADB96004C2A8C /* Logger.swift */ = {isa = PBXFileReference; lastKnownFileType = sourcecode.swift; path = Logger.swift; sourceTree = "<group>"; };
		48B8DB4824CADEF9004C2A8C /* AppDetailViewController.swift */ = {isa = PBXFileReference; lastKnownFileType = sourcecode.swift; path = AppDetailViewController.swift; sourceTree = "<group>"; };
		48B8DB4A24CADF01004C2A8C /* AppDetailViewModel.swift */ = {isa = PBXFileReference; lastKnownFileType = sourcecode.swift; path = AppDetailViewModel.swift; sourceTree = "<group>"; };
		48B8DB4C24CADF13004C2A8C /* AppDetailCoordinator.swift */ = {isa = PBXFileReference; lastKnownFileType = sourcecode.swift; path = AppDetailCoordinator.swift; sourceTree = "<group>"; };
		48B8DB4E24CADF21004C2A8C /* AppDetailScene.storyboard */ = {isa = PBXFileReference; lastKnownFileType = file.storyboard; path = AppDetailScene.storyboard; sourceTree = "<group>"; };
		48B8DB5124CAE956004C2A8C /* AppDetailHeaderTableViewCell.swift */ = {isa = PBXFileReference; lastKnownFileType = sourcecode.swift; path = AppDetailHeaderTableViewCell.swift; sourceTree = "<group>"; };
		48B8DB5324CAE968004C2A8C /* AppDetailScreenshotsTableViewCell.swift */ = {isa = PBXFileReference; lastKnownFileType = sourcecode.swift; path = AppDetailScreenshotsTableViewCell.swift; sourceTree = "<group>"; };
		48B8DB5524CAE972004C2A8C /* AppDetailScreenshotCollectionViewCell.swift */ = {isa = PBXFileReference; lastKnownFileType = sourcecode.swift; path = AppDetailScreenshotCollectionViewCell.swift; sourceTree = "<group>"; };
		48B8DB5724CAE97A004C2A8C /* AppDetailWhatsNewTableViewCell.swift */ = {isa = PBXFileReference; lastKnownFileType = sourcecode.swift; path = AppDetailWhatsNewTableViewCell.swift; sourceTree = "<group>"; };
		48B8DB5924CAE985004C2A8C /* AppDetailDescriptionTableViewCell.swift */ = {isa = PBXFileReference; lastKnownFileType = sourcecode.swift; path = AppDetailDescriptionTableViewCell.swift; sourceTree = "<group>"; };
		48B8DB5B24CAE98E004C2A8C /* AppDetailInformationCell.swift */ = {isa = PBXFileReference; lastKnownFileType = sourcecode.swift; path = AppDetailInformationCell.swift; sourceTree = "<group>"; };
		48B8DB5F24CAEA63004C2A8C /* String+Extensions.swift */ = {isa = PBXFileReference; fileEncoding = 4; lastKnownFileType = sourcecode.swift; path = "String+Extensions.swift"; sourceTree = "<group>"; };
		48B8DB6224CAEC0A004C2A8C /* ScreenshotsViewController.swift */ = {isa = PBXFileReference; lastKnownFileType = sourcecode.swift; path = ScreenshotsViewController.swift; sourceTree = "<group>"; };
		48B8DB6424CAEC15004C2A8C /* ScreenshotsCoordinator.swift */ = {isa = PBXFileReference; lastKnownFileType = sourcecode.swift; path = ScreenshotsCoordinator.swift; sourceTree = "<group>"; };
		48B8DB6624CAEC21004C2A8C /* ScreenshotsViewModel.swift */ = {isa = PBXFileReference; lastKnownFileType = sourcecode.swift; path = ScreenshotsViewModel.swift; sourceTree = "<group>"; };
		48B8DB6824CAEC3A004C2A8C /* ScreeenshotsScene.storyboard */ = {isa = PBXFileReference; lastKnownFileType = file.storyboard; path = ScreeenshotsScene.storyboard; sourceTree = "<group>"; };
		48C06E1624CBE524004A8425 /* AppDetailHeaderTableViewCell.xib */ = {isa = PBXFileReference; lastKnownFileType = file.xib; path = AppDetailHeaderTableViewCell.xib; sourceTree = "<group>"; };
		48C06E1824CBE53C004A8425 /* AppDetailScreenshotsTableViewCell.xib */ = {isa = PBXFileReference; lastKnownFileType = file.xib; path = AppDetailScreenshotsTableViewCell.xib; sourceTree = "<group>"; };
		48C06E1A24CBE550004A8425 /* AppDetailScreenshotCollectionViewCell.xib */ = {isa = PBXFileReference; lastKnownFileType = file.xib; path = AppDetailScreenshotCollectionViewCell.xib; sourceTree = "<group>"; };
		48C06E1C24CBE593004A8425 /* AppDetailWhatsNewTableViewCell.xib */ = {isa = PBXFileReference; lastKnownFileType = file.xib; path = AppDetailWhatsNewTableViewCell.xib; sourceTree = "<group>"; };
		48C06E1E24CBE5CA004A8425 /* AppDetailDescriptionTableViewCell.xib */ = {isa = PBXFileReference; lastKnownFileType = file.xib; path = AppDetailDescriptionTableViewCell.xib; sourceTree = "<group>"; };
		48C06E2024CBE5DD004A8425 /* AppDetailInformationCell.xib */ = {isa = PBXFileReference; lastKnownFileType = file.xib; path = AppDetailInformationCell.xib; sourceTree = "<group>"; };
		48C06E2524CC21B5004A8425 /* ScreenshotsCollectionViewCell.swift */ = {isa = PBXFileReference; lastKnownFileType = sourcecode.swift; path = ScreenshotsCollectionViewCell.swift; sourceTree = "<group>"; };
		48C06E2724CC2235004A8425 /* ScreenshotsCollectionViewCell.xib */ = {isa = PBXFileReference; lastKnownFileType = file.xib; path = ScreenshotsCollectionViewCell.xib; sourceTree = "<group>"; };
		57B0602FD05904FCEFF01536 /* Pods-AppStoreSearchUITests.debug.xcconfig */ = {isa = PBXFileReference; includeInIndex = 1; lastKnownFileType = text.xcconfig; name = "Pods-AppStoreSearchUITests.debug.xcconfig"; path = "Target Support Files/Pods-AppStoreSearchUITests/Pods-AppStoreSearchUITests.debug.xcconfig"; sourceTree = "<group>"; };
		AAA0212C76CDF479EFCD343F /* Pods-AppStoreSearch.debug.xcconfig */ = {isa = PBXFileReference; includeInIndex = 1; lastKnownFileType = text.xcconfig; name = "Pods-AppStoreSearch.debug.xcconfig"; path = "Target Support Files/Pods-AppStoreSearch/Pods-AppStoreSearch.debug.xcconfig"; sourceTree = "<group>"; };
		EDC5F4463CEB9D18D5D94E2A /* Pods-AppStoreSearchTests.debug.xcconfig */ = {isa = PBXFileReference; includeInIndex = 1; lastKnownFileType = text.xcconfig; name = "Pods-AppStoreSearchTests.debug.xcconfig"; path = "Target Support Files/Pods-AppStoreSearchTests/Pods-AppStoreSearchTests.debug.xcconfig"; sourceTree = "<group>"; };
		EF588CE0CB8E940F060FEF19 /* Pods_AppStoreSearchUITests.framework */ = {isa = PBXFileReference; explicitFileType = wrapper.framework; includeInIndex = 0; path = Pods_AppStoreSearchUITests.framework; sourceTree = BUILT_PRODUCTS_DIR; };
		FE6C778917CC18F9964014E3 /* Pods-AppStoreSearchTests.release.xcconfig */ = {isa = PBXFileReference; includeInIndex = 1; lastKnownFileType = text.xcconfig; name = "Pods-AppStoreSearchTests.release.xcconfig"; path = "Target Support Files/Pods-AppStoreSearchTests/Pods-AppStoreSearchTests.release.xcconfig"; sourceTree = "<group>"; };
/* End PBXFileReference section */

/* Begin PBXFrameworksBuildPhase section */
		3A4D906624C7CFC000D5C11F /* Frameworks */ = {
			isa = PBXFrameworksBuildPhase;
			buildActionMask = 2147483647;
			files = (
				B3181F1B8E16B15BFCDEF98B /* Pods_AppStoreSearch.framework in Frameworks */,
			);
			runOnlyForDeploymentPostprocessing = 0;
		};
		3A4D907C24C7CFC100D5C11F /* Frameworks */ = {
			isa = PBXFrameworksBuildPhase;
			buildActionMask = 2147483647;
			files = (
				713DD69CEEF91DD4E6B707A7 /* Pods_AppStoreSearchTests.framework in Frameworks */,
			);
			runOnlyForDeploymentPostprocessing = 0;
		};
		3A4D908724C7CFC100D5C11F /* Frameworks */ = {
			isa = PBXFrameworksBuildPhase;
			buildActionMask = 2147483647;
			files = (
				FB4A827CBAD9106C2878983D /* Pods_AppStoreSearchUITests.framework in Frameworks */,
			);
			runOnlyForDeploymentPostprocessing = 0;
		};
/* End PBXFrameworksBuildPhase section */

/* Begin PBXGroup section */
		283072E28CF8DA7B3EDBA19E /* Frameworks */ = {
			isa = PBXGroup;
			children = (
				3BD8AC261205DBE4A615F95D /* Pods_AppStoreSearch.framework */,
				1771AC754D50CEFC35A5391A /* Pods_AppStoreSearchTests.framework */,
				EF588CE0CB8E940F060FEF19 /* Pods_AppStoreSearchUITests.framework */,
			);
			name = Frameworks;
			sourceTree = "<group>";
		};
		3A12DD9424C9739D004728B9 /* AppListScene */ = {
			isa = PBXGroup;
			children = (
				48B8DB2024CA866C004C2A8C /* Subviews */,
				3A12DD9724C973CE004728B9 /* AppListCoordinator.swift */,
				3A12DD9924C973D8004728B9 /* AppListViewModel.swift */,
				3A12DD9524C973C6004728B9 /* AppListViewController.swift */,
				3A12DD9B24C973E3004728B9 /* AppListScene.storyboard */,
			);
			path = AppListScene;
			sourceTree = "<group>";
		};
		3A4D906024C7CFC000D5C11F = {
			isa = PBXGroup;
			children = (
				3A4D906B24C7CFC000D5C11F /* AppStoreSearch */,
				3A4D908224C7CFC100D5C11F /* AppStoreSearchTests */,
				3A4D908D24C7CFC100D5C11F /* AppStoreSearchUITests */,
				3A4D906A24C7CFC000D5C11F /* Products */,
				822364A5C774E2EDE0E26E7F /* Pods */,
				283072E28CF8DA7B3EDBA19E /* Frameworks */,
			);
			sourceTree = "<group>";
		};
		3A4D906A24C7CFC000D5C11F /* Products */ = {
			isa = PBXGroup;
			children = (
				3A4D906924C7CFC000D5C11F /* AppStoreSearch.app */,
				3A4D907F24C7CFC100D5C11F /* AppStoreSearchTests.xctest */,
				3A4D908A24C7CFC100D5C11F /* AppStoreSearchUITests.xctest */,
			);
			name = Products;
			sourceTree = "<group>";
		};
		3A4D906B24C7CFC000D5C11F /* AppStoreSearch */ = {
			isa = PBXGroup;
			children = (
				3A4D909C24C7D6A000D5C11F /* Classes */,
				3A4D909D24C7D6A900D5C11F /* Resources */,
			);
			path = AppStoreSearch;
			sourceTree = "<group>";
		};
		3A4D908224C7CFC100D5C11F /* AppStoreSearchTests */ = {
			isa = PBXGroup;
			children = (
				3A4D908324C7CFC100D5C11F /* AppStoreSearchTests.swift */,
				48A72C4F24CD4B8C0026D556 /* SearchCoordinatorTests.swift */,
				3AE5DDF424C9B38D00488E4D /* TermProviderTests.swift */,
				3A4D908524C7CFC100D5C11F /* Info.plist */,
			);
			path = AppStoreSearchTests;
			sourceTree = "<group>";
		};
		3A4D908D24C7CFC100D5C11F /* AppStoreSearchUITests */ = {
			isa = PBXGroup;
			children = (
				48A72C5524CD51840026D556 /* XCUIElement+Extensions.swift */,
				3A4D908E24C7CFC100D5C11F /* AppStoreSearchUITests.swift */,
				3A4D909024C7CFC100D5C11F /* Info.plist */,
			);
			path = AppStoreSearchUITests;
			sourceTree = "<group>";
		};
		3A4D909C24C7D6A000D5C11F /* Classes */ = {
			isa = PBXGroup;
			children = (
				3A4D90A224C81CAF00D5C11F /* ThirdParty */,
				48B8DB2F24CAA4C0004C2A8C /* Application */,
				48B8DB3424CAAB86004C2A8C /* Domain */,
				3A4D90C624C84D9D00D5C11F /* Data */,
				48B8DB3124CAA980004C2A8C /* Presentation */,
				3A4D90C924C8533A00D5C11F /* Utils */,
			);
			path = Classes;
			sourceTree = "<group>";
		};
		3A4D909D24C7D6A900D5C11F /* Resources */ = {
			isa = PBXGroup;
			children = (
				3A4D907524C7CFC100D5C11F /* Assets.xcassets */,
				3A4D907724C7CFC100D5C11F /* LaunchScreen.storyboard */,
				3A4D907A24C7CFC100D5C11F /* Info.plist */,
			);
			name = Resources;
			sourceTree = "<group>";
		};
		3A4D90A224C81CAF00D5C11F /* ThirdParty */ = {
			isa = PBXGroup;
			children = (
				3A4D90A324C81CAF00D5C11F /* Coordinator */,
			);
			path = ThirdParty;
			sourceTree = "<group>";
		};
		3A4D90A324C81CAF00D5C11F /* Coordinator */ = {
			isa = PBXGroup;
			children = (
				3A4D90A424C81CAF00D5C11F /* BaseCoordinator.swift */,
			);
			path = Coordinator;
			sourceTree = "<group>";
		};
		3A4D90A624C81CFD00D5C11F /* Protocols */ = {
			isa = PBXGroup;
			children = (
				3A4D90A724C81CFD00D5C11F /* ViewModelType.swift */,
			);
			path = Protocols;
			sourceTree = "<group>";
		};
		3A4D90A924C81D0300D5C11F /* APIEndPoint */ = {
			isa = PBXGroup;
			children = (
				3A4D90C224C8228800D5C11F /* Protocol */,
				3A4D90BE24C8225C00D5C11F /* SearchAPI.swift */,
			);
			path = APIEndPoint;
			sourceTree = "<group>";
		};
		3A4D90AA24C81D4A00D5C11F /* SearchScenes */ = {
			isa = PBXGroup;
			children = (
				48B8DB2C24CAA363004C2A8C /* SectionModels */,
				48B8DB2924CAA301004C2A8C /* Prensentable */,
				3A4D90AB24C81D5A00D5C11F /* SearchScene */,
				3A4D90BB24C8211D00D5C11F /* MatchScene */,
				3A12DD9424C9739D004728B9 /* AppListScene */,
				48B8DB4724CADEE4004C2A8C /* AppDetailScene */,
				48B8DB6124CAEBC8004C2A8C /* ScreenshotsScene */,
			);
			path = SearchScenes;
			sourceTree = "<group>";
		};
		3A4D90AB24C81D5A00D5C11F /* SearchScene */ = {
			isa = PBXGroup;
			children = (
				3A4D90B024C81DBF00D5C11F /* SearchCoordinator.swift */,
				3A4D90B224C81DD800D5C11F /* SearchViewModel.swift */,
				3A4D90AE24C81D9100D5C11F /* SearchViewController.swift */,
				3A4D90B424C81E2300D5C11F /* SearchScene.storyboard */,
			);
			path = SearchScene;
			sourceTree = "<group>";
		};
		3A4D90BB24C8211D00D5C11F /* MatchScene */ = {
			isa = PBXGroup;
			children = (
				3A12DDA124C97FDF004728B9 /* MatchesCoordinator.swift */,
				3A4D90BC24C8212E00D5C11F /* MatchesViewModel.swift */,
				3A12DD9F24C97F38004728B9 /* MatchesViewController.swift */,
				3A12DDA324C97FEE004728B9 /* MatchScene.storyboard */,
			);
			path = MatchScene;
			sourceTree = "<group>";
		};
		3A4D90C224C8228800D5C11F /* Protocol */ = {
			isa = PBXGroup;
			children = (
				3A4D90C024C8227800D5C11F /* API.swift */,
			);
			path = Protocol;
			sourceTree = "<group>";
		};
		3A4D90C624C84D9D00D5C11F /* Data */ = {
			isa = PBXGroup;
			children = (
				3A4D90A924C81D0300D5C11F /* APIEndPoint */,
				48B8DB3D24CAAF4E004C2A8C /* NetworkProvider.swift */,
				3A4D90C724C84DA600D5C11F /* TermProvider.swift */,
				48B8DB3B24CAAE66004C2A8C /* ImageProvider.swift */,
				48B8DB3F24CAC2E5004C2A8C /* SearchProvider.swift */,
			);
			path = Data;
			sourceTree = "<group>";
		};
		3A4D90C924C8533A00D5C11F /* Utils */ = {
			isa = PBXGroup;
			children = (
				3A4D90D424C85F1D00D5C11F /* Protocols */,
				3A4D90CE24C85F1C00D5C11F /* Extensions */,
				3A4D90CD24C85F1C00D5C11F /* ActivityIndicator.swift */,
				3A4D90D124C85F1C00D5C11F /* ErrorTracker.swift */,
				3A4D90D324C85F1C00D5C11F /* Utilities.swift */,
				3A4D90CA24C8534D00D5C11F /* Validator.swift */,
				48B8DB4524CADB96004C2A8C /* Logger.swift */,
			);
			path = Utils;
			sourceTree = "<group>";
		};
		3A4D90CE24C85F1C00D5C11F /* Extensions */ = {
			isa = PBXGroup;
			children = (
				3A4D90CF24C85F1C00D5C11F /* ObservableType+Extensions.swift */,
				3A4D90D024C85F1C00D5C11F /* Data+Extensions.swift */,
				48B8DB3924CAABF8004C2A8C /* UIView+Extensions.swift */,
				48B8DB4124CACEEE004C2A8C /* UIViewController+Extensions.swift */,
				48B8DB5F24CAEA63004C2A8C /* String+Extensions.swift */,
			);
			path = Extensions;
			sourceTree = "<group>";
		};
		3A4D90D424C85F1D00D5C11F /* Protocols */ = {
			isa = PBXGroup;
			children = (
				3A4D90D524C85F1D00D5C11F /* Alertable.swift */,
			);
			path = Protocols;
			sourceTree = "<group>";
		};
		48A72C4A24CD1D210026D556 /* Entities */ = {
			isa = PBXGroup;
			children = (
				48B8DB3524CAAB86004C2A8C /* SearchResultApp.swift */,
			);
			path = Entities;
			sourceTree = "<group>";
		};
		48B8DB2024CA866C004C2A8C /* Subviews */ = {
			isa = PBXGroup;
			children = (
				48B8DB2324CA88BF004C2A8C /* AppListTableViewCell.swift */,
			);
			path = Subviews;
			sourceTree = "<group>";
		};
		48B8DB2924CAA301004C2A8C /* Prensentable */ = {
			isa = PBXGroup;
			children = (
				48B8DB2A24CAA311004C2A8C /* AppPresentable.swift */,
			);
			path = Prensentable;
			sourceTree = "<group>";
		};
		48B8DB2C24CAA363004C2A8C /* SectionModels */ = {
			isa = PBXGroup;
			children = (
				3A4D90E424C8622300D5C11F /* TermSectionModel.swift */,
				48B8DB4324CAD7DE004C2A8C /* AppListSectionModel.swift */,
				48B8DB2D24CAA37F004C2A8C /* AppDetailSectionModel.swift */,
			);
			path = SectionModels;
			sourceTree = "<group>";
		};
		48B8DB2F24CAA4C0004C2A8C /* Application */ = {
			isa = PBXGroup;
			children = (
				3A4D906C24C7CFC000D5C11F /* AppDelegate.swift */,
				3A4D906E24C7CFC000D5C11F /* SceneDelegate.swift */,
				3A4D90A024C81B1000D5C11F /* AppCoordinator.swift */,
				3A4D90C324C822C100D5C11F /* AppConfiguration.swift */,
			);
			path = Application;
			sourceTree = "<group>";
		};
		48B8DB3124CAA980004C2A8C /* Presentation */ = {
			isa = PBXGroup;
			children = (
				3A4D90A624C81CFD00D5C11F /* Protocols */,
				3A4D90AA24C81D4A00D5C11F /* SearchScenes */,
			);
			path = Presentation;
			sourceTree = "<group>";
		};
		48B8DB3424CAAB86004C2A8C /* Domain */ = {
			isa = PBXGroup;
			children = (
				48A72C4A24CD1D210026D556 /* Entities */,
				48B8DB3624CAAB86004C2A8C /* SearchResponse.swift */,
			);
			path = Domain;
			sourceTree = "<group>";
		};
		48B8DB4724CADEE4004C2A8C /* AppDetailScene */ = {
			isa = PBXGroup;
			children = (
				48B8DB5024CAE93D004C2A8C /* Subviews */,
				48B8DB4C24CADF13004C2A8C /* AppDetailCoordinator.swift */,
				48B8DB4A24CADF01004C2A8C /* AppDetailViewModel.swift */,
				48B8DB4824CADEF9004C2A8C /* AppDetailViewController.swift */,
				48B8DB4E24CADF21004C2A8C /* AppDetailScene.storyboard */,
			);
			path = AppDetailScene;
			sourceTree = "<group>";
		};
		48B8DB5024CAE93D004C2A8C /* Subviews */ = {
			isa = PBXGroup;
			children = (
				48C06E2924CC3B0E004A8425 /* CollectionViewCell */,
				48B8DB5124CAE956004C2A8C /* AppDetailHeaderTableViewCell.swift */,
				48C06E1624CBE524004A8425 /* AppDetailHeaderTableViewCell.xib */,
				48B8DB5324CAE968004C2A8C /* AppDetailScreenshotsTableViewCell.swift */,
				48C06E1824CBE53C004A8425 /* AppDetailScreenshotsTableViewCell.xib */,
				48B8DB5724CAE97A004C2A8C /* AppDetailWhatsNewTableViewCell.swift */,
				48C06E1C24CBE593004A8425 /* AppDetailWhatsNewTableViewCell.xib */,
				48B8DB5924CAE985004C2A8C /* AppDetailDescriptionTableViewCell.swift */,
				48C06E1E24CBE5CA004A8425 /* AppDetailDescriptionTableViewCell.xib */,
				48B8DB5B24CAE98E004C2A8C /* AppDetailInformationCell.swift */,
				48C06E2024CBE5DD004A8425 /* AppDetailInformationCell.xib */,
			);
			path = Subviews;
			sourceTree = "<group>";
		};
		48B8DB6124CAEBC8004C2A8C /* ScreenshotsScene */ = {
			isa = PBXGroup;
			children = (
				48C06E2224CC218A004A8425 /* Subviews */,
				48B8DB6424CAEC15004C2A8C /* ScreenshotsCoordinator.swift */,
				48B8DB6624CAEC21004C2A8C /* ScreenshotsViewModel.swift */,
				48B8DB6224CAEC0A004C2A8C /* ScreenshotsViewController.swift */,
				48B8DB6824CAEC3A004C2A8C /* ScreeenshotsScene.storyboard */,
			);
			path = ScreenshotsScene;
			sourceTree = "<group>";
		};
		48C06E2224CC218A004A8425 /* Subviews */ = {
			isa = PBXGroup;
			children = (
				48C06E2524CC21B5004A8425 /* ScreenshotsCollectionViewCell.swift */,
				48C06E2724CC2235004A8425 /* ScreenshotsCollectionViewCell.xib */,
			);
			path = Subviews;
			sourceTree = "<group>";
		};
		48C06E2924CC3B0E004A8425 /* CollectionViewCell */ = {
			isa = PBXGroup;
			children = (
				48B8DB5524CAE972004C2A8C /* AppDetailScreenshotCollectionViewCell.swift */,
				48C06E1A24CBE550004A8425 /* AppDetailScreenshotCollectionViewCell.xib */,
			);
			path = CollectionViewCell;
			sourceTree = "<group>";
		};
		822364A5C774E2EDE0E26E7F /* Pods */ = {
			isa = PBXGroup;
			children = (
				AAA0212C76CDF479EFCD343F /* Pods-AppStoreSearch.debug.xcconfig */,
				29D3562BC21D1B3E508DD8A4 /* Pods-AppStoreSearch.release.xcconfig */,
				EDC5F4463CEB9D18D5D94E2A /* Pods-AppStoreSearchTests.debug.xcconfig */,
				FE6C778917CC18F9964014E3 /* Pods-AppStoreSearchTests.release.xcconfig */,
				57B0602FD05904FCEFF01536 /* Pods-AppStoreSearchUITests.debug.xcconfig */,
				3895111B127F69776AC9A1C5 /* Pods-AppStoreSearchUITests.release.xcconfig */,
			);
			path = Pods;
			sourceTree = "<group>";
		};
/* End PBXGroup section */

/* Begin PBXNativeTarget section */
		3A4D906824C7CFC000D5C11F /* AppStoreSearch */ = {
			isa = PBXNativeTarget;
			buildConfigurationList = 3A4D909324C7CFC100D5C11F /* Build configuration list for PBXNativeTarget "AppStoreSearch" */;
			buildPhases = (
				291317D8B9A48F271EC51144 /* [CP] Check Pods Manifest.lock */,
				3A4D906524C7CFC000D5C11F /* Sources */,
				3A4D906624C7CFC000D5C11F /* Frameworks */,
				3A4D906724C7CFC000D5C11F /* Resources */,
				5D276A6183311B018AE5AB90 /* [CP] Embed Pods Frameworks */,
			);
			buildRules = (
			);
			dependencies = (
			);
			name = AppStoreSearch;
			productName = AppStoreSearch;
			productReference = 3A4D906924C7CFC000D5C11F /* AppStoreSearch.app */;
			productType = "com.apple.product-type.application";
		};
		3A4D907E24C7CFC100D5C11F /* AppStoreSearchTests */ = {
			isa = PBXNativeTarget;
			buildConfigurationList = 3A4D909624C7CFC100D5C11F /* Build configuration list for PBXNativeTarget "AppStoreSearchTests" */;
			buildPhases = (
				0FB0A86DA81C55A5E92A24AF /* [CP] Check Pods Manifest.lock */,
				3A4D907B24C7CFC100D5C11F /* Sources */,
				3A4D907C24C7CFC100D5C11F /* Frameworks */,
				3A4D907D24C7CFC100D5C11F /* Resources */,
			);
			buildRules = (
			);
			dependencies = (
				3A4D908124C7CFC100D5C11F /* PBXTargetDependency */,
			);
			name = AppStoreSearchTests;
			productName = AppStoreSearchTests;
			productReference = 3A4D907F24C7CFC100D5C11F /* AppStoreSearchTests.xctest */;
			productType = "com.apple.product-type.bundle.unit-test";
		};
		3A4D908924C7CFC100D5C11F /* AppStoreSearchUITests */ = {
			isa = PBXNativeTarget;
			buildConfigurationList = 3A4D909924C7CFC100D5C11F /* Build configuration list for PBXNativeTarget "AppStoreSearchUITests" */;
			buildPhases = (
				FE616714EEEB7702867F6317 /* [CP] Check Pods Manifest.lock */,
				3A4D908624C7CFC100D5C11F /* Sources */,
				3A4D908724C7CFC100D5C11F /* Frameworks */,
				3A4D908824C7CFC100D5C11F /* Resources */,
				A855A464DA1E12A6B06546B0 /* [CP] Embed Pods Frameworks */,
			);
			buildRules = (
			);
			dependencies = (
				3A4D908C24C7CFC100D5C11F /* PBXTargetDependency */,
			);
			name = AppStoreSearchUITests;
			productName = AppStoreSearchUITests;
			productReference = 3A4D908A24C7CFC100D5C11F /* AppStoreSearchUITests.xctest */;
			productType = "com.apple.product-type.bundle.ui-testing";
		};
/* End PBXNativeTarget section */

/* Begin PBXProject section */
		3A4D906124C7CFC000D5C11F /* Project object */ = {
			isa = PBXProject;
			attributes = {
				LastSwiftUpdateCheck = 1160;
				LastUpgradeCheck = 1160;
				ORGANIZATIONNAME = "HS Lee";
				TargetAttributes = {
					3A4D906824C7CFC000D5C11F = {
						CreatedOnToolsVersion = 11.6;
					};
					3A4D907E24C7CFC100D5C11F = {
						CreatedOnToolsVersion = 11.6;
						TestTargetID = 3A4D906824C7CFC000D5C11F;
					};
					3A4D908924C7CFC100D5C11F = {
						CreatedOnToolsVersion = 11.6;
						TestTargetID = 3A4D906824C7CFC000D5C11F;
					};
				};
			};
			buildConfigurationList = 3A4D906424C7CFC000D5C11F /* Build configuration list for PBXProject "AppStoreSearch" */;
			compatibilityVersion = "Xcode 9.3";
			developmentRegion = en;
			hasScannedForEncodings = 0;
			knownRegions = (
				en,
				Base,
			);
			mainGroup = 3A4D906024C7CFC000D5C11F;
			productRefGroup = 3A4D906A24C7CFC000D5C11F /* Products */;
			projectDirPath = "";
			projectRoot = "";
			targets = (
				3A4D906824C7CFC000D5C11F /* AppStoreSearch */,
				3A4D907E24C7CFC100D5C11F /* AppStoreSearchTests */,
				3A4D908924C7CFC100D5C11F /* AppStoreSearchUITests */,
			);
		};
/* End PBXProject section */

/* Begin PBXResourcesBuildPhase section */
		3A4D906724C7CFC000D5C11F /* Resources */ = {
			isa = PBXResourcesBuildPhase;
			buildActionMask = 2147483647;
			files = (
				48B8DB6924CAEC3A004C2A8C /* ScreeenshotsScene.storyboard in Resources */,
				3A4D907924C7CFC100D5C11F /* LaunchScreen.storyboard in Resources */,
				48C06E1724CBE524004A8425 /* AppDetailHeaderTableViewCell.xib in Resources */,
				3A4D90B524C81E2300D5C11F /* SearchScene.storyboard in Resources */,
				48C06E2124CBE5DD004A8425 /* AppDetailInformationCell.xib in Resources */,
				3A4D907624C7CFC100D5C11F /* Assets.xcassets in Resources */,
				48C06E2824CC2235004A8425 /* ScreenshotsCollectionViewCell.xib in Resources */,
				48C06E1B24CBE550004A8425 /* AppDetailScreenshotCollectionViewCell.xib in Resources */,
				48C06E1924CBE53C004A8425 /* AppDetailScreenshotsTableViewCell.xib in Resources */,
				3A12DDA424C97FEE004728B9 /* MatchScene.storyboard in Resources */,
				48B8DB4F24CADF21004C2A8C /* AppDetailScene.storyboard in Resources */,
				48C06E1F24CBE5CA004A8425 /* AppDetailDescriptionTableViewCell.xib in Resources */,
				3A12DD9C24C973E3004728B9 /* AppListScene.storyboard in Resources */,
				48C06E1D24CBE593004A8425 /* AppDetailWhatsNewTableViewCell.xib in Resources */,
			);
			runOnlyForDeploymentPostprocessing = 0;
		};
		3A4D907D24C7CFC100D5C11F /* Resources */ = {
			isa = PBXResourcesBuildPhase;
			buildActionMask = 2147483647;
			files = (
			);
			runOnlyForDeploymentPostprocessing = 0;
		};
		3A4D908824C7CFC100D5C11F /* Resources */ = {
			isa = PBXResourcesBuildPhase;
			buildActionMask = 2147483647;
			files = (
			);
			runOnlyForDeploymentPostprocessing = 0;
		};
/* End PBXResourcesBuildPhase section */

/* Begin PBXShellScriptBuildPhase section */
		0FB0A86DA81C55A5E92A24AF /* [CP] Check Pods Manifest.lock */ = {
			isa = PBXShellScriptBuildPhase;
			buildActionMask = 2147483647;
			files = (
			);
			inputFileListPaths = (
			);
			inputPaths = (
				"${PODS_PODFILE_DIR_PATH}/Podfile.lock",
				"${PODS_ROOT}/Manifest.lock",
			);
			name = "[CP] Check Pods Manifest.lock";
			outputFileListPaths = (
			);
			outputPaths = (
				"$(DERIVED_FILE_DIR)/Pods-AppStoreSearchTests-checkManifestLockResult.txt",
			);
			runOnlyForDeploymentPostprocessing = 0;
			shellPath = /bin/sh;
			shellScript = "diff \"${PODS_PODFILE_DIR_PATH}/Podfile.lock\" \"${PODS_ROOT}/Manifest.lock\" > /dev/null\nif [ $? != 0 ] ; then\n    # print error to STDERR\n    echo \"error: The sandbox is not in sync with the Podfile.lock. Run 'pod install' or update your CocoaPods installation.\" >&2\n    exit 1\nfi\n# This output is used by Xcode 'outputs' to avoid re-running this script phase.\necho \"SUCCESS\" > \"${SCRIPT_OUTPUT_FILE_0}\"\n";
			showEnvVarsInLog = 0;
		};
		291317D8B9A48F271EC51144 /* [CP] Check Pods Manifest.lock */ = {
			isa = PBXShellScriptBuildPhase;
			buildActionMask = 2147483647;
			files = (
			);
			inputFileListPaths = (
			);
			inputPaths = (
				"${PODS_PODFILE_DIR_PATH}/Podfile.lock",
				"${PODS_ROOT}/Manifest.lock",
			);
			name = "[CP] Check Pods Manifest.lock";
			outputFileListPaths = (
			);
			outputPaths = (
				"$(DERIVED_FILE_DIR)/Pods-AppStoreSearch-checkManifestLockResult.txt",
			);
			runOnlyForDeploymentPostprocessing = 0;
			shellPath = /bin/sh;
			shellScript = "diff \"${PODS_PODFILE_DIR_PATH}/Podfile.lock\" \"${PODS_ROOT}/Manifest.lock\" > /dev/null\nif [ $? != 0 ] ; then\n    # print error to STDERR\n    echo \"error: The sandbox is not in sync with the Podfile.lock. Run 'pod install' or update your CocoaPods installation.\" >&2\n    exit 1\nfi\n# This output is used by Xcode 'outputs' to avoid re-running this script phase.\necho \"SUCCESS\" > \"${SCRIPT_OUTPUT_FILE_0}\"\n";
			showEnvVarsInLog = 0;
		};
		5D276A6183311B018AE5AB90 /* [CP] Embed Pods Frameworks */ = {
			isa = PBXShellScriptBuildPhase;
			buildActionMask = 2147483647;
			files = (
			);
			inputFileListPaths = (
				"${PODS_ROOT}/Target Support Files/Pods-AppStoreSearch/Pods-AppStoreSearch-frameworks-${CONFIGURATION}-input-files.xcfilelist",
			);
			name = "[CP] Embed Pods Frameworks";
			outputFileListPaths = (
				"${PODS_ROOT}/Target Support Files/Pods-AppStoreSearch/Pods-AppStoreSearch-frameworks-${CONFIGURATION}-output-files.xcfilelist",
			);
			runOnlyForDeploymentPostprocessing = 0;
			shellPath = /bin/sh;
			shellScript = "\"${PODS_ROOT}/Target Support Files/Pods-AppStoreSearch/Pods-AppStoreSearch-frameworks.sh\"\n";
			showEnvVarsInLog = 0;
		};
		A855A464DA1E12A6B06546B0 /* [CP] Embed Pods Frameworks */ = {
			isa = PBXShellScriptBuildPhase;
			buildActionMask = 2147483647;
			files = (
			);
			inputFileListPaths = (
				"${PODS_ROOT}/Target Support Files/Pods-AppStoreSearchUITests/Pods-AppStoreSearchUITests-frameworks-${CONFIGURATION}-input-files.xcfilelist",
			);
			name = "[CP] Embed Pods Frameworks";
			outputFileListPaths = (
				"${PODS_ROOT}/Target Support Files/Pods-AppStoreSearchUITests/Pods-AppStoreSearchUITests-frameworks-${CONFIGURATION}-output-files.xcfilelist",
			);
			runOnlyForDeploymentPostprocessing = 0;
			shellPath = /bin/sh;
			shellScript = "\"${PODS_ROOT}/Target Support Files/Pods-AppStoreSearchUITests/Pods-AppStoreSearchUITests-frameworks.sh\"\n";
			showEnvVarsInLog = 0;
		};
		FE616714EEEB7702867F6317 /* [CP] Check Pods Manifest.lock */ = {
			isa = PBXShellScriptBuildPhase;
			buildActionMask = 2147483647;
			files = (
			);
			inputFileListPaths = (
			);
			inputPaths = (
				"${PODS_PODFILE_DIR_PATH}/Podfile.lock",
				"${PODS_ROOT}/Manifest.lock",
			);
			name = "[CP] Check Pods Manifest.lock";
			outputFileListPaths = (
			);
			outputPaths = (
				"$(DERIVED_FILE_DIR)/Pods-AppStoreSearchUITests-checkManifestLockResult.txt",
			);
			runOnlyForDeploymentPostprocessing = 0;
			shellPath = /bin/sh;
			shellScript = "diff \"${PODS_PODFILE_DIR_PATH}/Podfile.lock\" \"${PODS_ROOT}/Manifest.lock\" > /dev/null\nif [ $? != 0 ] ; then\n    # print error to STDERR\n    echo \"error: The sandbox is not in sync with the Podfile.lock. Run 'pod install' or update your CocoaPods installation.\" >&2\n    exit 1\nfi\n# This output is used by Xcode 'outputs' to avoid re-running this script phase.\necho \"SUCCESS\" > \"${SCRIPT_OUTPUT_FILE_0}\"\n";
			showEnvVarsInLog = 0;
		};
/* End PBXShellScriptBuildPhase section */

/* Begin PBXSourcesBuildPhase section */
		3A4D906524C7CFC000D5C11F /* Sources */ = {
			isa = PBXSourcesBuildPhase;
			buildActionMask = 2147483647;
			files = (
				3A12DDA224C97FDF004728B9 /* MatchesCoordinator.swift in Sources */,
				3A4D90CB24C8534D00D5C11F /* Validator.swift in Sources */,
				3A4D90A524C81CAF00D5C11F /* BaseCoordinator.swift in Sources */,
				48B8DB6324CAEC0A004C2A8C /* ScreenshotsViewController.swift in Sources */,
				48B8DB4B24CADF01004C2A8C /* AppDetailViewModel.swift in Sources */,
				48B8DB6024CAEA63004C2A8C /* String+Extensions.swift in Sources */,
				3A12DD9624C973C6004728B9 /* AppListViewController.swift in Sources */,
				48B8DB4224CACEEE004C2A8C /* UIViewController+Extensions.swift in Sources */,
				3A4D90BF24C8225C00D5C11F /* SearchAPI.swift in Sources */,
				48B8DB5C24CAE98E004C2A8C /* AppDetailInformationCell.swift in Sources */,
				3A4D90AF24C81D9100D5C11F /* SearchViewController.swift in Sources */,
				48B8DB4024CAC2E5004C2A8C /* SearchProvider.swift in Sources */,
				48B8DB3A24CAABF8004C2A8C /* UIView+Extensions.swift in Sources */,
				3A12DDA024C97F38004728B9 /* MatchesViewController.swift in Sources */,
				48B8DB2424CA88BF004C2A8C /* AppListTableViewCell.swift in Sources */,
				48B8DB3E24CAAF4E004C2A8C /* NetworkProvider.swift in Sources */,
				3A12DD9A24C973D8004728B9 /* AppListViewModel.swift in Sources */,
				48B8DB2B24CAA311004C2A8C /* AppPresentable.swift in Sources */,
				48B8DB5824CAE97A004C2A8C /* AppDetailWhatsNewTableViewCell.swift in Sources */,
				48B8DB3824CAAB86004C2A8C /* SearchResponse.swift in Sources */,
				48B8DB5A24CAE985004C2A8C /* AppDetailDescriptionTableViewCell.swift in Sources */,
				48B8DB2E24CAA37F004C2A8C /* AppDetailSectionModel.swift in Sources */,
				48C06E2624CC21B5004A8425 /* ScreenshotsCollectionViewCell.swift in Sources */,
				3A4D90DF24C85F1D00D5C11F /* Alertable.swift in Sources */,
				3A4D90A124C81B1000D5C11F /* AppCoordinator.swift in Sources */,
				48B8DB6724CAEC21004C2A8C /* ScreenshotsViewModel.swift in Sources */,
				3A4D90DC24C85F1D00D5C11F /* ErrorTracker.swift in Sources */,
				48B8DB4624CADB96004C2A8C /* Logger.swift in Sources */,
				3A4D90C424C822C100D5C11F /* AppConfiguration.swift in Sources */,
				3A4D90C124C8227800D5C11F /* API.swift in Sources */,
				3A4D90DB24C85F1D00D5C11F /* Data+Extensions.swift in Sources */,
				48B8DB5424CAE968004C2A8C /* AppDetailScreenshotsTableViewCell.swift in Sources */,
				3A4D90A824C81CFD00D5C11F /* ViewModelType.swift in Sources */,
				48B8DB5224CAE956004C2A8C /* AppDetailHeaderTableViewCell.swift in Sources */,
				3A4D90DE24C85F1D00D5C11F /* Utilities.swift in Sources */,
				3A4D90B124C81DBF00D5C11F /* SearchCoordinator.swift in Sources */,
				3A4D90C824C84DA600D5C11F /* TermProvider.swift in Sources */,
				48B8DB3C24CAAE66004C2A8C /* ImageProvider.swift in Sources */,
				3A4D90DA24C85F1D00D5C11F /* ObservableType+Extensions.swift in Sources */,
				48B8DB3724CAAB86004C2A8C /* SearchResultApp.swift in Sources */,
				48B8DB4924CADEF9004C2A8C /* AppDetailViewController.swift in Sources */,
				3A4D90B324C81DD800D5C11F /* SearchViewModel.swift in Sources */,
				3A4D906D24C7CFC000D5C11F /* AppDelegate.swift in Sources */,
				48B8DB4D24CADF13004C2A8C /* AppDetailCoordinator.swift in Sources */,
				3A4D90BD24C8212E00D5C11F /* MatchesViewModel.swift in Sources */,
				48B8DB4424CAD7DE004C2A8C /* AppListSectionModel.swift in Sources */,
				3A4D90E524C8622300D5C11F /* TermSectionModel.swift in Sources */,
				3A4D90D924C85F1D00D5C11F /* ActivityIndicator.swift in Sources */,
				3A4D906F24C7CFC000D5C11F /* SceneDelegate.swift in Sources */,
				3A12DD9824C973CE004728B9 /* AppListCoordinator.swift in Sources */,
				48B8DB6524CAEC15004C2A8C /* ScreenshotsCoordinator.swift in Sources */,
				48B8DB5624CAE972004C2A8C /* AppDetailScreenshotCollectionViewCell.swift in Sources */,
			);
			runOnlyForDeploymentPostprocessing = 0;
		};
		3A4D907B24C7CFC100D5C11F /* Sources */ = {
			isa = PBXSourcesBuildPhase;
			buildActionMask = 2147483647;
			files = (
				3AE5DDF524C9B38D00488E4D /* TermProviderTests.swift in Sources */,
				3A4D908424C7CFC100D5C11F /* AppStoreSearchTests.swift in Sources */,
				48A72C5024CD4B8C0026D556 /* SearchCoordinatorTests.swift in Sources */,
			);
			runOnlyForDeploymentPostprocessing = 0;
		};
		3A4D908624C7CFC100D5C11F /* Sources */ = {
			isa = PBXSourcesBuildPhase;
			buildActionMask = 2147483647;
			files = (
				48A72C5624CD51840026D556 /* XCUIElement+Extensions.swift in Sources */,
				3A4D908F24C7CFC100D5C11F /* AppStoreSearchUITests.swift in Sources */,
			);
			runOnlyForDeploymentPostprocessing = 0;
		};
/* End PBXSourcesBuildPhase section */

/* Begin PBXTargetDependency section */
		3A4D908124C7CFC100D5C11F /* PBXTargetDependency */ = {
			isa = PBXTargetDependency;
			target = 3A4D906824C7CFC000D5C11F /* AppStoreSearch */;
			targetProxy = 3A4D908024C7CFC100D5C11F /* PBXContainerItemProxy */;
		};
		3A4D908C24C7CFC100D5C11F /* PBXTargetDependency */ = {
			isa = PBXTargetDependency;
			target = 3A4D906824C7CFC000D5C11F /* AppStoreSearch */;
			targetProxy = 3A4D908B24C7CFC100D5C11F /* PBXContainerItemProxy */;
		};
/* End PBXTargetDependency section */

/* Begin PBXVariantGroup section */
		3A4D907724C7CFC100D5C11F /* LaunchScreen.storyboard */ = {
			isa = PBXVariantGroup;
			children = (
				3A4D907824C7CFC100D5C11F /* Base */,
			);
			name = LaunchScreen.storyboard;
			sourceTree = "<group>";
		};
/* End PBXVariantGroup section */

/* Begin XCBuildConfiguration section */
		3A4D909124C7CFC100D5C11F /* Debug */ = {
			isa = XCBuildConfiguration;
			buildSettings = {
				ALWAYS_SEARCH_USER_PATHS = NO;
				CLANG_ANALYZER_NONNULL = YES;
				CLANG_ANALYZER_NUMBER_OBJECT_CONVERSION = YES_AGGRESSIVE;
				CLANG_CXX_LANGUAGE_STANDARD = "gnu++14";
				CLANG_CXX_LIBRARY = "libc++";
				CLANG_ENABLE_MODULES = YES;
				CLANG_ENABLE_OBJC_ARC = YES;
				CLANG_ENABLE_OBJC_WEAK = YES;
				CLANG_WARN_BLOCK_CAPTURE_AUTORELEASING = YES;
				CLANG_WARN_BOOL_CONVERSION = YES;
				CLANG_WARN_COMMA = YES;
				CLANG_WARN_CONSTANT_CONVERSION = YES;
				CLANG_WARN_DEPRECATED_OBJC_IMPLEMENTATIONS = YES;
				CLANG_WARN_DIRECT_OBJC_ISA_USAGE = YES_ERROR;
				CLANG_WARN_DOCUMENTATION_COMMENTS = YES;
				CLANG_WARN_EMPTY_BODY = YES;
				CLANG_WARN_ENUM_CONVERSION = YES;
				CLANG_WARN_INFINITE_RECURSION = YES;
				CLANG_WARN_INT_CONVERSION = YES;
				CLANG_WARN_NON_LITERAL_NULL_CONVERSION = YES;
				CLANG_WARN_OBJC_IMPLICIT_RETAIN_SELF = YES;
				CLANG_WARN_OBJC_LITERAL_CONVERSION = YES;
				CLANG_WARN_OBJC_ROOT_CLASS = YES_ERROR;
				CLANG_WARN_RANGE_LOOP_ANALYSIS = YES;
				CLANG_WARN_STRICT_PROTOTYPES = YES;
				CLANG_WARN_SUSPICIOUS_MOVE = YES;
				CLANG_WARN_UNGUARDED_AVAILABILITY = YES_AGGRESSIVE;
				CLANG_WARN_UNREACHABLE_CODE = YES;
				CLANG_WARN__DUPLICATE_METHOD_MATCH = YES;
				COPY_PHASE_STRIP = NO;
				DEBUG_INFORMATION_FORMAT = dwarf;
				ENABLE_STRICT_OBJC_MSGSEND = YES;
				ENABLE_TESTABILITY = YES;
				GCC_C_LANGUAGE_STANDARD = gnu11;
				GCC_DYNAMIC_NO_PIC = NO;
				GCC_NO_COMMON_BLOCKS = YES;
				GCC_OPTIMIZATION_LEVEL = 0;
				GCC_PREPROCESSOR_DEFINITIONS = (
					"DEBUG=1",
					"$(inherited)",
				);
				GCC_WARN_64_TO_32_BIT_CONVERSION = YES;
				GCC_WARN_ABOUT_RETURN_TYPE = YES_ERROR;
				GCC_WARN_UNDECLARED_SELECTOR = YES;
				GCC_WARN_UNINITIALIZED_AUTOS = YES_AGGRESSIVE;
				GCC_WARN_UNUSED_FUNCTION = YES;
				GCC_WARN_UNUSED_VARIABLE = YES;
				IPHONEOS_DEPLOYMENT_TARGET = 13.0;
				MTL_ENABLE_DEBUG_INFO = INCLUDE_SOURCE;
				MTL_FAST_MATH = YES;
				ONLY_ACTIVE_ARCH = YES;
				SDKROOT = iphoneos;
				SWIFT_ACTIVE_COMPILATION_CONDITIONS = DEBUG;
				SWIFT_OPTIMIZATION_LEVEL = "-Onone";
			};
			name = Debug;
		};
		3A4D909224C7CFC100D5C11F /* Release */ = {
			isa = XCBuildConfiguration;
			buildSettings = {
				ALWAYS_SEARCH_USER_PATHS = NO;
				CLANG_ANALYZER_NONNULL = YES;
				CLANG_ANALYZER_NUMBER_OBJECT_CONVERSION = YES_AGGRESSIVE;
				CLANG_CXX_LANGUAGE_STANDARD = "gnu++14";
				CLANG_CXX_LIBRARY = "libc++";
				CLANG_ENABLE_MODULES = YES;
				CLANG_ENABLE_OBJC_ARC = YES;
				CLANG_ENABLE_OBJC_WEAK = YES;
				CLANG_WARN_BLOCK_CAPTURE_AUTORELEASING = YES;
				CLANG_WARN_BOOL_CONVERSION = YES;
				CLANG_WARN_COMMA = YES;
				CLANG_WARN_CONSTANT_CONVERSION = YES;
				CLANG_WARN_DEPRECATED_OBJC_IMPLEMENTATIONS = YES;
				CLANG_WARN_DIRECT_OBJC_ISA_USAGE = YES_ERROR;
				CLANG_WARN_DOCUMENTATION_COMMENTS = YES;
				CLANG_WARN_EMPTY_BODY = YES;
				CLANG_WARN_ENUM_CONVERSION = YES;
				CLANG_WARN_INFINITE_RECURSION = YES;
				CLANG_WARN_INT_CONVERSION = YES;
				CLANG_WARN_NON_LITERAL_NULL_CONVERSION = YES;
				CLANG_WARN_OBJC_IMPLICIT_RETAIN_SELF = YES;
				CLANG_WARN_OBJC_LITERAL_CONVERSION = YES;
				CLANG_WARN_OBJC_ROOT_CLASS = YES_ERROR;
				CLANG_WARN_RANGE_LOOP_ANALYSIS = YES;
				CLANG_WARN_STRICT_PROTOTYPES = YES;
				CLANG_WARN_SUSPICIOUS_MOVE = YES;
				CLANG_WARN_UNGUARDED_AVAILABILITY = YES_AGGRESSIVE;
				CLANG_WARN_UNREACHABLE_CODE = YES;
				CLANG_WARN__DUPLICATE_METHOD_MATCH = YES;
				COPY_PHASE_STRIP = NO;
				DEBUG_INFORMATION_FORMAT = "dwarf-with-dsym";
				ENABLE_NS_ASSERTIONS = NO;
				ENABLE_STRICT_OBJC_MSGSEND = YES;
				GCC_C_LANGUAGE_STANDARD = gnu11;
				GCC_NO_COMMON_BLOCKS = YES;
				GCC_WARN_64_TO_32_BIT_CONVERSION = YES;
				GCC_WARN_ABOUT_RETURN_TYPE = YES_ERROR;
				GCC_WARN_UNDECLARED_SELECTOR = YES;
				GCC_WARN_UNINITIALIZED_AUTOS = YES_AGGRESSIVE;
				GCC_WARN_UNUSED_FUNCTION = YES;
				GCC_WARN_UNUSED_VARIABLE = YES;
				IPHONEOS_DEPLOYMENT_TARGET = 13.0;
				MTL_ENABLE_DEBUG_INFO = NO;
				MTL_FAST_MATH = YES;
				SDKROOT = iphoneos;
				SWIFT_COMPILATION_MODE = wholemodule;
				SWIFT_OPTIMIZATION_LEVEL = "-O";
				VALIDATE_PRODUCT = YES;
			};
			name = Release;
		};
		3A4D909424C7CFC100D5C11F /* Debug */ = {
			isa = XCBuildConfiguration;
			baseConfigurationReference = AAA0212C76CDF479EFCD343F /* Pods-AppStoreSearch.debug.xcconfig */;
			buildSettings = {
				ASSETCATALOG_COMPILER_APPICON_NAME = AppIcon;
				CODE_SIGN_STYLE = Automatic;
				DEVELOPMENT_TEAM = LRUHN5QC56;
				INFOPLIST_FILE = AppStoreSearch/Info.plist;
				LD_RUNPATH_SEARCH_PATHS = (
					"$(inherited)",
					"@executable_path/Frameworks",
				);
				PRODUCT_BUNDLE_IDENTIFIER = io.hsleedevelop.AppStoreSearch;
				PRODUCT_NAME = "$(TARGET_NAME)";
				SWIFT_VERSION = 5.0;
				TARGETED_DEVICE_FAMILY = "1,2";
			};
			name = Debug;
		};
		3A4D909524C7CFC100D5C11F /* Release */ = {
			isa = XCBuildConfiguration;
			baseConfigurationReference = 29D3562BC21D1B3E508DD8A4 /* Pods-AppStoreSearch.release.xcconfig */;
			buildSettings = {
				ASSETCATALOG_COMPILER_APPICON_NAME = AppIcon;
				CODE_SIGN_STYLE = Automatic;
				DEVELOPMENT_TEAM = LRUHN5QC56;
				INFOPLIST_FILE = AppStoreSearch/Info.plist;
				LD_RUNPATH_SEARCH_PATHS = (
					"$(inherited)",
					"@executable_path/Frameworks",
				);
				PRODUCT_BUNDLE_IDENTIFIER = io.hsleedevelop.AppStoreSearch;
				PRODUCT_NAME = "$(TARGET_NAME)";
				SWIFT_VERSION = 5.0;
				TARGETED_DEVICE_FAMILY = "1,2";
			};
			name = Release;
		};
		3A4D909724C7CFC100D5C11F /* Debug */ = {
			isa = XCBuildConfiguration;
			baseConfigurationReference = EDC5F4463CEB9D18D5D94E2A /* Pods-AppStoreSearchTests.debug.xcconfig */;
			buildSettings = {
				ALWAYS_EMBED_SWIFT_STANDARD_LIBRARIES = "$(inherited)";
				BUNDLE_LOADER = "$(TEST_HOST)";
				CODE_SIGN_STYLE = Automatic;
				DEVELOPMENT_TEAM = LRUHN5QC56;
				INFOPLIST_FILE = AppStoreSearchTests/Info.plist;
				IPHONEOS_DEPLOYMENT_TARGET = 13.0;
				LD_RUNPATH_SEARCH_PATHS = (
					"$(inherited)",
					"@executable_path/Frameworks",
					"@loader_path/Frameworks",
				);
				PRODUCT_BUNDLE_IDENTIFIER = io.hsleedevelop.AppStoreSearchTests;
				PRODUCT_NAME = "$(TARGET_NAME)";
				SWIFT_VERSION = 5.0;
				TARGETED_DEVICE_FAMILY = "1,2";
				TEST_HOST = "$(BUILT_PRODUCTS_DIR)/AppStoreSearch.app/AppStoreSearch";
			};
			name = Debug;
		};
		3A4D909824C7CFC100D5C11F /* Release */ = {
			isa = XCBuildConfiguration;
			baseConfigurationReference = FE6C778917CC18F9964014E3 /* Pods-AppStoreSearchTests.release.xcconfig */;
			buildSettings = {
				ALWAYS_EMBED_SWIFT_STANDARD_LIBRARIES = "$(inherited)";
				BUNDLE_LOADER = "$(TEST_HOST)";
				CODE_SIGN_STYLE = Automatic;
				DEVELOPMENT_TEAM = LRUHN5QC56;
				INFOPLIST_FILE = AppStoreSearchTests/Info.plist;
				IPHONEOS_DEPLOYMENT_TARGET = 13.0;
				LD_RUNPATH_SEARCH_PATHS = (
					"$(inherited)",
					"@executable_path/Frameworks",
					"@loader_path/Frameworks",
				);
				PRODUCT_BUNDLE_IDENTIFIER = io.hsleedevelop.AppStoreSearchTests;
				PRODUCT_NAME = "$(TARGET_NAME)";
				SWIFT_VERSION = 5.0;
				TARGETED_DEVICE_FAMILY = "1,2";
				TEST_HOST = "$(BUILT_PRODUCTS_DIR)/AppStoreSearch.app/AppStoreSearch";
			};
			name = Release;
		};
		3A4D909A24C7CFC100D5C11F /* Debug */ = {
			isa = XCBuildConfiguration;
			baseConfigurationReference = 57B0602FD05904FCEFF01536 /* Pods-AppStoreSearchUITests.debug.xcconfig */;
			buildSettings = {
				ALWAYS_EMBED_SWIFT_STANDARD_LIBRARIES = "$(inherited)";
				CODE_SIGN_STYLE = Automatic;
				DEVELOPMENT_TEAM = LRUHN5QC56;
				INFOPLIST_FILE = AppStoreSearchUITests/Info.plist;
				LD_RUNPATH_SEARCH_PATHS = (
					"$(inherited)",
					"@executable_path/Frameworks",
					"@loader_path/Frameworks",
				);
				PRODUCT_BUNDLE_IDENTIFIER = io.hsleedevelop.AppStoreSearchUITests;
				PRODUCT_NAME = "$(TARGET_NAME)";
				SWIFT_VERSION = 5.0;
				TARGETED_DEVICE_FAMILY = "1,2";
				TEST_TARGET_NAME = AppStoreSearch;
			};
			name = Debug;
		};
		3A4D909B24C7CFC100D5C11F /* Release */ = {
			isa = XCBuildConfiguration;
			baseConfigurationReference = 3895111B127F69776AC9A1C5 /* Pods-AppStoreSearchUITests.release.xcconfig */;
			buildSettings = {
				ALWAYS_EMBED_SWIFT_STANDARD_LIBRARIES = "$(inherited)";
				CODE_SIGN_STYLE = Automatic;
				DEVELOPMENT_TEAM = LRUHN5QC56;
				INFOPLIST_FILE = AppStoreSearchUITests/Info.plist;
				LD_RUNPATH_SEARCH_PATHS = (
					"$(inherited)",
					"@executable_path/Frameworks",
					"@loader_path/Frameworks",
				);
				PRODUCT_BUNDLE_IDENTIFIER = io.hsleedevelop.AppStoreSearchUITests;
				PRODUCT_NAME = "$(TARGET_NAME)";
				SWIFT_VERSION = 5.0;
				TARGETED_DEVICE_FAMILY = "1,2";
				TEST_TARGET_NAME = AppStoreSearch;
			};
			name = Release;
		};
/* End XCBuildConfiguration section */

/* Begin XCConfigurationList section */
		3A4D906424C7CFC000D5C11F /* Build configuration list for PBXProject "AppStoreSearch" */ = {
			isa = XCConfigurationList;
			buildConfigurations = (
				3A4D909124C7CFC100D5C11F /* Debug */,
				3A4D909224C7CFC100D5C11F /* Release */,
			);
			defaultConfigurationIsVisible = 0;
			defaultConfigurationName = Release;
		};
		3A4D909324C7CFC100D5C11F /* Build configuration list for PBXNativeTarget "AppStoreSearch" */ = {
			isa = XCConfigurationList;
			buildConfigurations = (
				3A4D909424C7CFC100D5C11F /* Debug */,
				3A4D909524C7CFC100D5C11F /* Release */,
			);
			defaultConfigurationIsVisible = 0;
			defaultConfigurationName = Release;
		};
		3A4D909624C7CFC100D5C11F /* Build configuration list for PBXNativeTarget "AppStoreSearchTests" */ = {
			isa = XCConfigurationList;
			buildConfigurations = (
				3A4D909724C7CFC100D5C11F /* Debug */,
				3A4D909824C7CFC100D5C11F /* Release */,
			);
			defaultConfigurationIsVisible = 0;
			defaultConfigurationName = Release;
		};
		3A4D909924C7CFC100D5C11F /* Build configuration list for PBXNativeTarget "AppStoreSearchUITests" */ = {
			isa = XCConfigurationList;
			buildConfigurations = (
				3A4D909A24C7CFC100D5C11F /* Debug */,
				3A4D909B24C7CFC100D5C11F /* Release */,
			);
			defaultConfigurationIsVisible = 0;
			defaultConfigurationName = Release;
		};
/* End XCConfigurationList section */
	};
	rootObject = 3A4D906124C7CFC000D5C11F /* Project object */;
}
